# This file is autogenerated, do not edit; changes may be undone by the next 'dep ensure'.


[[projects]]
  digest = "1:e4b30804a381d7603b8a344009987c1ba351c26043501b23b8c7ce21f0b67474"
  name = "github.com/BurntSushi/toml"
  packages = ["."]
  pruneopts = ""
  revision = "3012a1dbe2e4bd1391d42b32f0577cb7bbc7f005"
  version = "v0.3.1"

[[projects]]
  digest = "1:d1b7be319f318156e7e49696c5cd86636c63680c9317c6167123b4c09f96583a"
  name = "github.com/alexflint/go-arg"
  packages = ["."]
  pruneopts = ""
  revision = "f40417ef119019b1c94b79f3f18b7f66b9fb6bce"
  version = "v1.0.0"

[[projects]]
  digest = "1:cc3e3ab828a51af490c9cf9c01487a201809e5cff04467c0fab8a2be0cb42109"
  name = "github.com/alexflint/go-scalar"
  packages = ["."]
  pruneopts = ""
  revision = "6638fbbc28f9ad0136ef5fd84a15c995e08e161f"
  version = "v1.0.0"

[[projects]]
  branch = "master"
  digest = "1:9378631c949c29d588010674c85037638f21d36af1ad36a523b1948b04c0d771"
  name = "github.com/attic-labs/graphql"
  packages = [
    ".",
    "gqlerrors",
    "language/ast",
    "language/kinds",
    "language/lexer",
    "language/location",
    "language/parser",
    "language/printer",
    "language/source",
    "language/typeInfo",
    "language/visitor",
  ]
  pruneopts = ""
  revision = "917f92ca24a759a0e3bfd1b135850f9b0c04682e"

[[projects]]
  branch = "master"
  digest = "1:b40230d769d63a8bcaa3dfe8aeae48fa4037fae7accdd4034fa7f3292f47592b"
  name = "github.com/attic-labs/noms"
  packages = [
    "go/chunks",
    "go/constants",
    "go/d",
    "go/datas",
    "go/hash",
    "go/marshal",
    "go/merge",
    "go/metrics",
    "go/nbs",
    "go/ngql",
    "go/nomdl",
    "go/sloppy",
    "go/spec",
    "go/types",
    "go/util/exit",
    "go/util/functions",
    "go/util/random",
    "go/util/sizecache",
    "go/util/verbose",
    "go/util/writers",
  ]
  pruneopts = ""
  revision = "186e0939a5044b182bce9e60dea910bd6bcb5cd9"
  source = "github.com/oneiro-ndev/noms"

[[projects]]
  digest = "1:8ded9eb338fd085af6c58b0f9da5e1afb6c7597503fe7a970a15b96c89d04838"
  name = "github.com/aws/aws-sdk-go"
  packages = [
    "aws",
    "aws/awserr",
    "aws/awsutil",
    "aws/client",
    "aws/client/metadata",
    "aws/corehandlers",
    "aws/credentials",
    "aws/credentials/ec2rolecreds",
    "aws/credentials/endpointcreds",
    "aws/credentials/processcreds",
    "aws/credentials/stscreds",
    "aws/crr",
    "aws/csm",
    "aws/defaults",
    "aws/ec2metadata",
    "aws/endpoints",
    "aws/request",
    "aws/session",
    "aws/signer/v4",
    "internal/ini",
    "internal/s3err",
    "internal/sdkio",
    "internal/sdkrand",
    "internal/sdkuri",
    "internal/shareddefaults",
    "private/protocol",
    "private/protocol/eventstream",
    "private/protocol/eventstream/eventstreamapi",
    "private/protocol/json/jsonutil",
    "private/protocol/jsonrpc",
    "private/protocol/query",
    "private/protocol/query/queryutil",
    "private/protocol/rest",
    "private/protocol/restxml",
    "private/protocol/xml/xmlutil",
    "service/dynamodb",
    "service/s3",
    "service/sts",
  ]
  pruneopts = ""
  revision = "2598a5134c77e8121a3a558f263a2dc50479a93f"
  version = "v1.16.24"

[[projects]]
  branch = "master"
  digest = "1:c0bec5f9b98d0bc872ff5e834fac186b807b656683bd29cb82fb207a1513fabb"
  name = "github.com/beorn7/perks"
  packages = ["quantile"]
  pruneopts = ""
  revision = "3a771d992973f24aa725d07868b467d1ddfceafb"

[[projects]]
  digest = "1:057aee12ac2f820c94b04da39a3ebcd865bee3bdda697ee0e6bbf75e00476b5f"
  name = "github.com/btcsuite/btcd"
  packages = ["btcec"]
  pruneopts = ""
  revision = "ed77733ec07dfc8a513741138419b8d9d3de9d2d"

[[projects]]
  digest = "1:0deddd908b6b4b768cfc272c16ee61e7088a60f7fe2f06c547bd3d8e1f8b8e77"
  name = "github.com/davecgh/go-spew"
  packages = ["spew"]
  pruneopts = ""
  revision = "8991bc29aa16c548c550c7ff78260e27b9ab7c73"
  version = "v1.1.1"

[[projects]]
  digest = "1:f1a75a8e00244e5ea77ff274baa9559eb877437b240ee7b278f3fc560d9f08bf"
  name = "github.com/dustin/go-humanize"
  packages = ["."]
  pruneopts = ""
  revision = "9f541cc9db5d55bce703bd99987c9d5cb8eea45e"
  version = "v1.0.0"

[[projects]]
  digest = "1:57b4616ca3d02b2abfb773e5bed848c6611cd028c49eb0e4c40df5d57bac10e0"
  name = "github.com/ericlagergren/decimal"
  packages = [
    ".",
    "internal/arith",
    "internal/arith/checked",
    "internal/c",
  ]
  pruneopts = ""
  revision = "73749d4874d5d3efba704f6046eae0517f998f4e"
  version = "v3.3.1"

[[projects]]
  digest = "1:ef56a889da489cd51a892c658b59d85ec60c7a9fe33846ef5951dd68270b7b99"
  name = "github.com/ethereum/go-ethereum"
  packages = ["crypto/secp256k1"]
  pruneopts = ""
  revision = "7fa3509e2eaf1a4ebc12344590e5699406690f15"
  version = "v1.8.22"

[[projects]]
  branch = "master"
  digest = "1:88b37f144a80737f9e5cd50c887c00c2f3c7211257f884b8b80ce97e61ed1ccb"
  name = "github.com/facebookgo/clock"
  packages = ["."]
  pruneopts = ""
  revision = "600d898af40aa09a7a93ecb9265d87b0504b6f03"

[[projects]]
  branch = "master"
  digest = "1:6930cf0ed08691a27eec5fbdc4e9766867ad5f1694b780b5e2cef8ce601a6604"
  name = "github.com/facebookgo/limitgroup"
  packages = ["."]
  pruneopts = ""
  revision = "6abd8d71ec01451d7f1929eacaa263bbe2935d05"

[[projects]]
  branch = "master"
  digest = "1:4ab698691b394194bdd1bf44f140ddd5f822dfac321d00d925611a2e4ba72224"
  name = "github.com/facebookgo/muster"
  packages = ["."]
  pruneopts = ""
  revision = "fd3d7953fd52354a74b9f6b3d70d0c9650c4ec2a"

[[projects]]
  digest = "1:44ec1082ba97d89ce860abcc6ee3f0cf24e658d3efb8531b0f0a52f0781e4243"
  name = "github.com/go-kit/kit"
  packages = [
    "log",
    "log/level",
    "log/term",
    "metrics",
    "metrics/discard",
    "metrics/internal/lv",
    "metrics/prometheus",
  ]
  pruneopts = ""
  revision = "4dc7be5d2d12881735283bcab7352178e190fc71"
  version = "v0.6.0"

[[projects]]
  digest = "1:df89444601379b2e1ee82bf8e6b72af9901cbeed4b469fa380a519c89c339310"
  name = "github.com/go-logfmt/logfmt"
  packages = ["."]
  pruneopts = ""
  revision = "07c9b44f60d7ffdfb7d8efe1ad539965737836dc"
  version = "v0.4.0"

[[projects]]
  digest = "1:b73fabc1ff8f2417bc5cc51d3f7274d6af5300b5ad9b8606967213134c1700dc"
  name = "github.com/go-redis/redis"
  packages = [
    ".",
    "internal",
    "internal/consistenthash",
    "internal/hashtag",
    "internal/pool",
    "internal/proto",
    "internal/util",
  ]
  pruneopts = ""
  revision = "22be8a3eaf992c828cecb69dc07348313bf08d2e"
  version = "v6.15.1"

[[projects]]
  digest = "1:a01080d20c45c031c13f3828c56e58f4f51d926a482ad10cc0316225097eb7ea"
  name = "github.com/go-stack/stack"
  packages = ["."]
  pruneopts = ""
  revision = "2fee6af1a9795aafbe0253a0cfbdf668e1fb8a9a"
  version = "v1.8.0"

[[projects]]
  digest = "1:81a7ff0b813e894da72760f905238789e9fcfd18919934d82e651cb026222815"
  name = "github.com/go-zoo/bone"
  packages = ["."]
  pruneopts = ""
  revision = "d7ce1372afa7a4319e9b84ab08593d1342a8c10a"
  version = "1.2.1"

[[projects]]
  digest = "1:141cc9fc6279592458b304038bd16a05ef477d125c6dad281216345a11746fd7"
  name = "github.com/gofrs/uuid"
  packages = ["."]
  pruneopts = ""
  revision = "6b08a5c5172ba18946672b49749cde22873dd7c2"
  version = "v3.2.0"

[[projects]]
  digest = "1:6e73003ecd35f4487a5e88270d3ca0a81bc80dc88053ac7e4dcfec5fba30d918"
  name = "github.com/gogo/protobuf"
  packages = [
    "gogoproto",
    "jsonpb",
    "proto",
    "protoc-gen-gogo/descriptor",
    "sortkeys",
    "types",
  ]
  pruneopts = ""
  revision = "636bf0302bc95575d69441b25a2603156ffdddf1"
  version = "v1.1.1"

[[projects]]
  digest = "1:f958a1c137db276e52f0b50efee41a1a389dcdded59a69711f3e872757dab34b"
  name = "github.com/golang/protobuf"
  packages = [
    "proto",
    "ptypes",
    "ptypes/any",
    "ptypes/duration",
    "ptypes/timestamp",
  ]
  pruneopts = ""
  revision = "b4deda0973fb4c70b50d226b1af49f3da59f5265"
  version = "v1.1.0"

[[projects]]
  branch = "master"
  digest = "1:2a5888946cdbc8aa360fd43301f9fc7869d663f60d5eedae7d4e6e5e4f06f2bf"
  name = "github.com/golang/snappy"
  packages = ["."]
  pruneopts = ""
  revision = "2e65f85255dbc3072edf28d6b5b8efc472979f5a"

[[projects]]
  digest = "1:09aa5dd1332b93c96bde671bafb053249dc813febf7d5ca84e8f382ba255d67d"
  name = "github.com/gorilla/websocket"
  packages = ["."]
  pruneopts = ""
  revision = "66b9c49e59c6c48f0ffce28c2d8b8a5678502c6d"
  version = "v1.4.0"

[[projects]]
  digest = "1:d4bd5c405c096e6fd6dfe848318c7ee96e97b480347a529a30a0ecfa226609a9"
  name = "github.com/honeycombio/libhoney-go"
  packages = ["."]
  pruneopts = ""
  revision = "86ceb69a9b89f381631caac96f24df15b88bedad"
  version = "v1.8.1"

[[projects]]
  digest = "1:38edc9bd8c8acec115981d2ab0887979bd78348840855c724f5932cee0a62aba"
  name = "github.com/jawher/mow.cli"
  packages = [
    ".",
    "internal/container",
    "internal/flow",
    "internal/fsm",
    "internal/lexer",
    "internal/matcher",
    "internal/parser",
    "internal/values",
  ]
  pruneopts = ""
  revision = "2f22195f169da29d54624afd9eb83ada5c9e4ee9"
  version = "v1.0.4"

[[projects]]
  digest = "1:13fe471d0ed891e8544eddfeeb0471fd3c9f2015609a1c000aefdedf52a19d40"
  name = "github.com/jmespath/go-jmespath"
  packages = ["."]
  pruneopts = ""
  revision = "c2b33e84"

[[projects]]
  branch = "master"
  digest = "1:4a909c198343b68a90b6ded3f7e17bbbdd935c77bc4c465f9587f51ff4663878"
  name = "github.com/jmhodges/levigo"
  packages = ["."]
  pruneopts = ""
  revision = "c42d9e0ca023e2198120196f842701bb4c55d7b9"

[[projects]]
  digest = "1:ef0f9731bc6c3c59396adc50f36da36ca98c704812c449794f9326f7bc64b5f1"
  name = "github.com/jpillora/backoff"
  packages = ["."]
  pruneopts = ""
  revision = "8eab2debe79d12b7bd3d10653910df25fa9552ba"
  version = "1.0.0"

[[projects]]
  branch = "master"
  digest = "1:6ea4e90d9fc387ca27c25348e40dbe38c3606eec7f283bf98a39db59b37ed5bb"
  name = "github.com/juju/gnuflag"
  packages = ["."]
  pruneopts = ""
  revision = "2ce1bb71843d6d179b3f1c1c9cb4a72cd067fc65"

[[projects]]
  digest = "1:deeb6536ebbcb66ab11213ecfaac9daadfcd004dd057446a4980ffd6c15c36e2"
  name = "github.com/julienschmidt/httprouter"
  packages = ["."]
  pruneopts = ""
  revision = "348b672cd90d8190f8240323e372ecd1e66b59dc"
  version = "v1.2.0"

[[projects]]
  branch = "master"
  digest = "1:1d1ca41e5107be69a4d89b3dc3e95dbf50c20d852156b06c84786cdffcbf5cf6"
  name = "github.com/kch42/buzhash"
  packages = ["."]
  pruneopts = ""
  revision = "9bdec3dec7c611fa97beadc374d75bdf02cd880e"

[[projects]]
  digest = "1:e9d28d49770650ad08afb7641f27dba3b05725388d5ee3587017a0576e9c995f"
  name = "github.com/kentquirk/boneful"
  packages = ["."]
  pruneopts = ""
  revision = "bdc648b32da75d04b55ef84a8ab9398d8172a8a1"
  version = "v1.1.1"

[[projects]]
  branch = "master"
  digest = "1:2cead5f63553a631cb6bad9933b773e40ff5086ec1dc40e35fd59377797ef894"
  name = "github.com/kentquirk/rewriter"
  packages = ["pkg/rewriter"]
  pruneopts = ""
  revision = "7ce4cd5781007a4057db3a7517f35e859706e186"

[[projects]]
  digest = "1:6a874e3ddfb9db2b42bd8c85b6875407c702fa868eed20634ff489bc896ccfd3"
  name = "github.com/konsorten/go-windows-terminal-sequences"
  packages = ["."]
  pruneopts = ""
  revision = "5c8c8bd35d3832f5d134ae1e1e375b69a4d25242"
  version = "v1.0.1"

[[projects]]
  branch = "master"
  digest = "1:1ed9eeebdf24aadfbca57eb50e6455bd1d2474525e0f0d4454de8c8e9bc7ee9a"
  name = "github.com/kr/logfmt"
  packages = ["."]
  pruneopts = ""
  revision = "b84e30acd515aadc4b783ad4ff83aff3299bdfe0"

[[projects]]
  digest = "1:63722a4b1e1717be7b98fc686e0b30d5e7f734b9e93d7dee86293b6deab7ea28"
  name = "github.com/matttproud/golang_protobuf_extensions"
  packages = ["pbutil"]
  pruneopts = ""
  revision = "c12348ce28de40eed0136aa2b644d0ee0650e56c"
  version = "v1.0.1"

[[projects]]
  digest = "1:096a8a9182648da3d00ff243b88407838902b6703fc12657f76890e08d1899bf"
  name = "github.com/mitchellh/go-homedir"
  packages = ["."]
  pruneopts = ""
  revision = "ae18d6b8b3205b561c79e8e5f69bff09736185f4"
  version = "v1.0.0"

[[projects]]
  digest = "1:d645183029813b447903c109e73b0d2661d7e43141c95aa7fd0f32153f9f71ec"
  name = "github.com/oneiro-ndev/chaincode"
  packages = [
    "pkg/chain",
    "pkg/vm",
  ]
  pruneopts = ""
  revision = "0e1df0be018adb5fa2873168686ba07362f5a15c"
  version = "v1.0.0"

[[projects]]
  digest = "1:687dc2250b0698ce0ac8204334c08a976f2f65ffa85881d083b29fbfe8b5d2ab"
  name = "github.com/oneiro-ndev/chaos"
  packages = [
    "pkg/chaos",
    "pkg/chaos/backing",
    "pkg/chaos/config",
    "pkg/chaos/external.validation",
    "pkg/chaos/ns",
    "pkg/chaos/query",
    "pkg/chaos/search",
    "pkg/ev.ndau",
    "pkg/genesisfile",
    "pkg/tool",
    "pkg/tool.write",
  ]
  pruneopts = ""
  revision = "00c967f56b95955cbe66a695ebe02f7da9ca888e"
  version = "v1.0.0"

[[projects]]
  digest = "1:95a51bb8cadefabc0414e37a6fdf4b5140b8fb204e410017e038dd62431d5b3f"
  name = "github.com/oneiro-ndev/chaos_genesis"
  packages = [
    "pkg/genesis",
    "pkg/genesis.generator",
  ]
  pruneopts = ""
  revision = "32b0a4e290d98f06070f35acbd3792757f4fcfc2"
  version = "v0.1.4"

[[projects]]
  digest = "1:2a309578731e52f34098aeb46b72b5f126026cf4312dc5ba4377e92ace2bddc9"
  name = "github.com/oneiro-ndev/genesis"
  packages = [
    "pkg/cli.util",
    "pkg/config",
    "pkg/etl",
    "pkg/genesis",
  ]
  pruneopts = ""
  revision = "17568e4f2c6607d3cef7eea1bcbd51740f844aec"
  version = "v0.1.2"

[[projects]]
  branch = "master"
  digest = "1:ba7cbb32fc3d33903d2a596d2eb7a2ddbfc1aca65a2cf4ae785b5cd59373b418"
  name = "github.com/oneiro-ndev/json2msgp"
  packages = ["."]
  pruneopts = ""
  revision = "51e787c1b8ab0b3c6cc0f7db8c7b650753541899"

[[projects]]
  digest = "1:7655ff1576ddf91cb9ed121a1a0d808d2c153cedfec644e4167bb3d68cfd04b7"
  name = "github.com/oneiro-ndev/metanode"
  packages = [
    "pkg/meta/app",
    "pkg/meta/app/code",
    "pkg/meta/search",
    "pkg/meta/state",
    "pkg/meta/transaction",
  ]
  pruneopts = ""
  revision = "10b2cd1c04082d703bbe71475bec29af277d348c"
  version = "v1.0.0"

[[projects]]
  digest = "1:cf6bdc91a5eaa82ff626dbc20243658a66b68dfc52a1b5ae54335e1efd0f7de1"
  name = "github.com/oneiro-ndev/msgp-well-known-types"
  packages = ["wkt"]
  pruneopts = ""
  revision = "20dbc66cfaa097bf8cdf60b740e0ac37251d07c3"
  version = "v0.1.2"

[[projects]]
  digest = "1:42b16f34900607cfce450920036c4f6d753281252d5a37f2c9a1c674bb84bbcc"
  name = "github.com/oneiro-ndev/mt19937_64"
  packages = ["."]
  pruneopts = ""
  revision = "3f74adc550ba95a0b1e26a5029d3a84b0a146076"
  version = "1.0.1"

[[projects]]
  digest = "1:8a2e0522534bff29fec49f6d878783671b33934ec02105706a53dc6ffb3401c2"
  name = "github.com/oneiro-ndev/ndau"
  packages = [
    "pkg/ndau",
    "pkg/ndau/backing",
    "pkg/ndau/cache",
    "pkg/ndau/config",
    "pkg/ndau/search",
    "pkg/ndauapi/cfg",
    "pkg/ndauapi/reqres",
    "pkg/ndauapi/routes",
    "pkg/ndauapi/svc",
    "pkg/ndauapi/ws",
    "pkg/query",
    "pkg/tool",
    "pkg/tool.config",
    "pkg/txmobile/generator",
    "pkg/version",
  ]
  pruneopts = ""
  revision = "94b2b9d954dc376ee88f4d3eed41a16a5f006308"
  version = "v1.0.2"

[[projects]]
  digest = "1:4c0383d85f646fa3b4ef8a66868e6b76204bd945620f25d65176a16f74d5f030"
  name = "github.com/oneiro-ndev/ndaumath"
  packages = [
    "pkg/address",
    "pkg/b32",
    "pkg/bip32",
    "pkg/bitset256",
    "pkg/constants",
    "pkg/eai",
    "pkg/key",
    "pkg/keyaddr",
    "pkg/ndauerr",
    "pkg/pricecurve",
    "pkg/signature",
    "pkg/signature/algorithms/ed25519",
    "pkg/signature/algorithms/null",
    "pkg/signature/algorithms/secp256k1",
    "pkg/signed",
    "pkg/types",
    "pkg/unsigned",
    "pkg/words",
  ]
  pruneopts = ""
  revision = "926504b9b81870a3c2a02d191d1c0007eed87ef6"
  version = "v1.0.1"

[[projects]]
  branch = "master"
  digest = "1:8e7e36c52b6d977c22f91744a923b2902f6dccaa035f23b38e740ba2409af14a"
  name = "github.com/oneiro-ndev/noms-util"
  packages = ["."]
  pruneopts = ""
  revision = "7711be769e350176643c97a46d4de3a113841fd8"

[[projects]]
  digest = "1:054f0b4110b30f53da18450b7d341b1c27a939ad0edcd214c0d3eda7cbb39895"
  name = "github.com/oneiro-ndev/o11y"
  packages = ["pkg/honeycomb"]
  pruneopts = ""
  revision = "b9ebe5797d7a13e39f5e5488e260d1211c4c9df4"
  version = "v1.3.0"

[[projects]]
  digest = "1:73340d3506411f843968aee1d890a7abe6b18669c6fe91943d70f5b574e62ba8"
  name = "github.com/oneiro-ndev/system_vars"
  packages = [
    "pkg/svi",
    "pkg/system_vars",
  ]
  pruneopts = ""
  revision = "3857af6c069bcc981af11ead1858734634c9e343"
  version = "v0.2.0"

[[projects]]
  branch = "master"
  digest = "1:3f3c40976bcb02e7e8272b6ede491b5c46b0f6bacd867cfefedc879aed750c33"
  name = "github.com/oneiro-ndev/writers"
  packages = [
    "pkg/linewriter",
    "pkg/testwriter",
  ]
  pruneopts = ""
  revision = "90774ecfea96bf0decb29ea7081d28a2831d71e1"

[[projects]]
  digest = "1:210286d0cb60ffe28f1ca00b664029e8943009f95d06d8f8c336301b28e1aee5"
  name = "github.com/philhofer/fwd"
  packages = ["."]
  pruneopts = ""
  revision = "bb6d471dc95d4fe11e432687f8b70ff496cf3136"
  version = "v1.0.0"

[[projects]]
  digest = "1:1d7e1867c49a6dd9856598ef7c3123604ea3daabf5b83f303ff457bcbc410b1d"
  name = "github.com/pkg/errors"
  packages = ["."]
  pruneopts = ""
  revision = "ba968bfe8b2f7e042a574c888954fccecfa385b4"
  version = "v0.8.1"

[[projects]]
  digest = "1:256484dbbcd271f9ecebc6795b2df8cad4c458dd0f5fd82a8c2fa0c29f233411"
  name = "github.com/pmezard/go-difflib"
  packages = ["difflib"]
  pruneopts = ""
  revision = "792786c7400a136282c1664665ae0a8db921c6c2"
  version = "v1.0.0"

[[projects]]
  digest = "1:6f218995d6a74636cfcab45ce03005371e682b4b9bee0e5eb0ccfd83ef85364f"
  name = "github.com/prometheus/client_golang"
  packages = [
    "prometheus",
    "prometheus/internal",
    "prometheus/promhttp",
  ]
  pruneopts = ""
  revision = "505eaef017263e299324067d40ca2c48f6a2cf50"
  version = "v0.9.2"

[[projects]]
  branch = "master"
  digest = "1:adace4b303867385ba60abf9337de102689e96d47fc9a48c29fde202e12dd229"
  name = "github.com/prometheus/client_model"
  packages = ["go"]
  pruneopts = ""
  revision = "56726106282f1985ea77d5305743db7231b0c0a8"

[[projects]]
  digest = "1:43465e4460e21f6462de4dbfdd864a2a48b743b25175d436932fb3e09765c937"
  name = "github.com/prometheus/common"
  packages = [
    "expfmt",
    "internal/bitbucket.org/ww/goautoneg",
    "model",
  ]
  pruneopts = ""
  revision = "2998b132700a7d019ff618c06a234b47c1f3f681"
  version = "v0.1.0"

[[projects]]
  branch = "master"
  digest = "1:b9f39c2f3278c4c3e9901d9b6a9b0316a1cb54fa6a0367e3498a8e8babc773b3"
  name = "github.com/prometheus/procfs"
  packages = [
    ".",
    "internal/util",
    "nfs",
    "xfs",
  ]
  pruneopts = ""
  revision = "bf6a532e95b1f7a62adf0ab5050a5bb2237ad2f4"

[[projects]]
  digest = "1:15bcdc717654ef21128e8af3a63eec39a6d08a830e297f93d65163f87c8eb523"
  name = "github.com/rcrowley/go-metrics"
  packages = ["."]
  pruneopts = ""
  revision = "e2704e165165ec55d062f5919b4b29494e9fa790"

[[projects]]
  digest = "1:5f47c69f85311c4dc292be6cc995a0a3fe8337a6ce38ef4f71e5b7efd5ad42e0"
  name = "github.com/rs/cors"
  packages = ["."]
  pruneopts = ""
  revision = "9a47f48565a795472d43519dd49aac781f3034fb"
  version = "v1.6.0"

[[projects]]
  branch = "master"
  digest = "1:e8ba1ad18941b86ab63c33ad0e1def6ff47f6d9b55e59b5c88978c6d22667fc0"
  name = "github.com/sigurn/crc16"
  packages = ["."]
  pruneopts = ""
  revision = "da416fad5162ac0f3338ba24dccdb26e4da22485"

[[projects]]
  branch = "master"
  digest = "1:52ed74cbf4d1bb1975642c817ec91b221c8963fa599885319407bf468431851d"
  name = "github.com/sigurn/utils"
  packages = ["."]
  pruneopts = ""
  revision = "f19e41f79f8f006116f682c1af454591bc278ad4"

[[projects]]
  digest = "1:9a3c631555e0351fdc4e696577bb63afd90c399d782a8462dba9d100d7021db3"
  name = "github.com/sirupsen/logrus"
  packages = ["."]
  pruneopts = ""
  revision = "e1e72e9de974bd926e5c56f83753fba2df402ce5"
  version = "v1.3.0"

[[projects]]
  digest = "1:381bcbeb112a51493d9d998bbba207a529c73dbb49b3fd789e48c63fac1f192c"
  name = "github.com/stretchr/testify"
  packages = [
    "assert",
    "require",
  ]
  pruneopts = ""
  revision = "ffdc059bfe9ce6a4e144ba849dbedead332c6053"
  version = "v1.3.0"

[[projects]]
  branch = "master"
  digest = "1:61c34b9d719c7879c9381dad1db44c645529f49b23285e129a9e5f075eaf3f87"
  name = "github.com/syndtr/goleveldb"
  packages = [
    "leveldb",
    "leveldb/cache",
    "leveldb/comparer",
    "leveldb/errors",
    "leveldb/filter",
    "leveldb/iterator",
    "leveldb/journal",
    "leveldb/memdb",
    "leveldb/opt",
    "leveldb/storage",
    "leveldb/table",
    "leveldb/util",
  ]
  pruneopts = ""
  revision = "b001fa50d6b27f3f0bb175a87d0cb55426d0a0ae"

[[projects]]
  digest = "1:41d24b8f6f442ff86b37be473e45b2bfc9a219eee1bdfabf9e680b9dd51b32a3"
  name = "github.com/tealeg/xlsx"
  packages = ["."]
  pruneopts = ""
  revision = "8be35264fa75a1bbe954ce51eba04f273e2c59e5"
  version = "v1.0.3"

[[projects]]
  branch = "master"
  digest = "1:12be8593db70e72fd05efb6d63f5bda3feddc69e2034296e6207d72b60776d21"
  name = "github.com/tendermint/ed25519"
  packages = [
    ".",
    "edwards25519",
  ]
  pruneopts = ""
  revision = "d8387025d2b9d158cf4efb07e7ebf814bcce2057"

[[projects]]
  digest = "1:ae41c0d9bd222a15ed08e854dbcf7c1ef8a511b937b7fb661762b3e91ff86b49"
  name = "github.com/tendermint/go-amino"
  packages = ["."]
  pruneopts = ""
  revision = "dc14acf9ef15f85828bfbc561ed9dd9d2a284885"
  version = "v0.14.1"

[[projects]]
  digest = "1:2b3698795360c70e1a9793e307b9b3f306cc3f1775bf5db5fa11a043358b24d5"
  name = "github.com/tendermint/tendermint"
  packages = [
    "abci/client",
    "abci/example/code",
    "abci/example/counter",
    "abci/example/kvstore",
    "abci/server",
    "abci/types",
    "blockchain",
    "config",
    "consensus",
    "consensus/types",
    "crypto",
    "crypto/ed25519",
    "crypto/encoding/amino",
    "crypto/merkle",
    "crypto/multisig",
    "crypto/multisig/bitarray",
    "crypto/secp256k1",
    "crypto/tmhash",
    "evidence",
    "libs/autofile",
    "libs/clist",
    "libs/common",
    "libs/db",
    "libs/events",
    "libs/fail",
    "libs/flowrate",
    "libs/log",
    "libs/pubsub",
    "libs/pubsub/query",
    "mempool",
    "node",
    "p2p",
    "p2p/conn",
    "p2p/pex",
    "privval",
    "proxy",
    "rpc/client",
    "rpc/core",
    "rpc/core/types",
    "rpc/grpc",
    "rpc/lib/client",
    "rpc/lib/server",
    "rpc/lib/types",
    "state",
    "state/txindex",
    "state/txindex/kv",
    "state/txindex/null",
    "types",
    "types/time",
    "version",
  ]
  pruneopts = ""
  revision = "28d75ec8016b7fb043735cbe4c4d92ec73355de7"
  version = "v0.30.0"

[[projects]]
  digest = "1:23ed2a28cfc147d46f7fbf4d85f83f6d659e15eac4ad1c16c4d32b19da5bd2fa"
  name = "github.com/tinylib/msgp"
  packages = ["msgp"]
  pruneopts = ""
  revision = "af6442a0fcf6e2a1b824f70dd0c734f01e817751"
  version = "v1.1.0"

[[projects]]
  digest = "1:887074c37fcefc2f49b5ae9c6f9f36107341aec23185613d0e9f1ee81db7f94a"
  name = "golang.org/x/crypto"
  packages = [
    "chacha20poly1305",
    "curve25519",
    "ed25519",
    "ed25519/internal/edwards25519",
    "hkdf",
    "internal/chacha20",
    "internal/subtle",
    "nacl/box",
    "nacl/secretbox",
    "poly1305",
    "ripemd160",
    "salsa20/salsa",
    "ssh/terminal",
  ]
  pruneopts = ""
  revision = "505ab145d0a99da450461ae2c1a9f6cd10d1f447"

[[projects]]
  digest = "1:dfab7264a3c6473112bc0cc6fdf46f991b5fa2e3bf0107cad156271076a1451d"
  name = "golang.org/x/net"
  packages = [
    "context",
    "http/httpguts",
    "http2",
    "http2/hpack",
    "idna",
    "internal/timeseries",
    "netutil",
    "trace",
  ]
  pruneopts = ""
  revision = "292b43bbf7cb8d35ddf40f8d5100ef3837cced3f"

[[projects]]
  branch = "master"
  digest = "1:7e3b61f51ebcb58b3894928ed7c63aae68820dec1dd57166e5d6e65ef2868f40"
  name = "golang.org/x/sys"
  packages = [
    "cpu",
    "unix",
    "windows",
  ]
  pruneopts = ""
  revision = "b90733256f2e882e81d52f9126de08df5615afd9"

[[projects]]
  digest = "1:5acd3512b047305d49e8763eef7ba423901e85d5dd2fd1e71778a0ea8de10bd4"
  name = "golang.org/x/text"
  packages = [
    "collate",
    "collate/build",
    "internal/colltab",
    "internal/gen",
    "internal/tag",
    "internal/triegen",
    "internal/ucd",
    "language",
    "secure/bidirule",
    "transform",
    "unicode/bidi",
    "unicode/cldr",
    "unicode/norm",
    "unicode/rangetable",
  ]
  pruneopts = ""
  revision = "f21a4dfb5e38f5895301dc265a8def02365cc3d0"
  version = "v0.3.0"

[[projects]]
  branch = "master"
  digest = "1:7dba64219e52b1be7ea6686b0061d7a6d406a39db673d4febb232d6e16d339a0"
  name = "golang.org/x/tools"
  packages = ["go/ast/astutil"]
  pruneopts = ""
  revision = "78ee07aa9465da43bde6d5044c687571ab4362d6"

[[projects]]
  branch = "master"
  digest = "1:2255fee1df9431ec9c0a373a4e112a60b28ae435d7af57d69f4f2e2e86800cad"
  name = "google.golang.org/genproto"
  packages = ["googleapis/rpc/status"]
  pruneopts = ""
  revision = "8819c946db4494a2259bf100a377f51aa585d893"

[[projects]]
  digest = "1:39d4d828b87d58d114fdc211f0638f32dcae84019fe17d6b48f9b697f4b60213"
  name = "google.golang.org/grpc"
  packages = [
    ".",
    "balancer",
    "balancer/base",
    "balancer/roundrobin",
    "binarylog/grpc_binarylog_v1",
    "codes",
    "connectivity",
    "credentials",
    "credentials/internal",
    "encoding",
    "encoding/proto",
    "grpclog",
    "internal",
    "internal/backoff",
    "internal/binarylog",
    "internal/channelz",
    "internal/envconfig",
    "internal/grpcrand",
    "internal/grpcsync",
    "internal/syscall",
    "internal/transport",
    "keepalive",
    "metadata",
    "naming",
    "peer",
    "resolver",
    "resolver/dns",
    "resolver/passthrough",
    "stats",
    "status",
    "tap",
  ]
  pruneopts = ""
  revision = "a02b0774206b209466313a0b525d2c738fe407eb"
  version = "v1.18.0"

[[projects]]
  digest = "1:73ebcbf8b130be886f04e5b928308604a36620e53343b833926a3aa4f2582abd"
  name = "gopkg.in/alexcesaro/statsd.v2"
  packages = ["."]
  pruneopts = ""
  revision = "7fea3f0d2fab1ad973e641e51dba45443a311a90"
  version = "v2.0.0"

[solve-meta]
  analyzer-name = "dep"
  analyzer-version = 1
  input-imports = [
    "github.com/BurntSushi/toml",
    "github.com/alexflint/go-arg",
    "github.com/jawher/mow.cli",
    "github.com/kentquirk/boneful",
    "github.com/kentquirk/rewriter/pkg/rewriter",
    "github.com/oneiro-ndev/chaincode/pkg/chain",
    "github.com/oneiro-ndev/chaincode/pkg/vm",
    "github.com/oneiro-ndev/chaos/pkg/chaos",
    "github.com/oneiro-ndev/chaos/pkg/chaos/config",
    "github.com/oneiro-ndev/chaos/pkg/chaos/ns",
    "github.com/oneiro-ndev/chaos/pkg/chaos/query",
    "github.com/oneiro-ndev/chaos/pkg/ev.ndau",
    "github.com/oneiro-ndev/chaos/pkg/genesisfile",
    "github.com/oneiro-ndev/chaos/pkg/tool",
    "github.com/oneiro-ndev/chaos/pkg/tool.write",
    "github.com/oneiro-ndev/chaos_genesis/pkg/genesis",
    "github.com/oneiro-ndev/chaos_genesis/pkg/genesis.generator",
    "github.com/oneiro-ndev/genesis/pkg/cli.util",
    "github.com/oneiro-ndev/genesis/pkg/config",
    "github.com/oneiro-ndev/genesis/pkg/etl",
    "github.com/oneiro-ndev/genesis/pkg/genesis",
    "github.com/oneiro-ndev/json2msgp",
    "github.com/oneiro-ndev/metanode/pkg/meta/app/code",
    "github.com/oneiro-ndev/metanode/pkg/meta/state",
    "github.com/oneiro-ndev/metanode/pkg/meta/transaction",
    "github.com/oneiro-ndev/ndau/pkg/ndau",
    "github.com/oneiro-ndev/ndau/pkg/ndau/backing",
    "github.com/oneiro-ndev/ndau/pkg/ndau/config",
    "github.com/oneiro-ndev/ndau/pkg/ndauapi/cfg",
    "github.com/oneiro-ndev/ndau/pkg/ndauapi/routes",
    "github.com/oneiro-ndev/ndau/pkg/ndauapi/svc",
    "github.com/oneiro-ndev/ndau/pkg/tool",
    "github.com/oneiro-ndev/ndau/pkg/tool.config",
    "github.com/oneiro-ndev/ndau/pkg/txmobile/generator",
    "github.com/oneiro-ndev/ndau/pkg/version",
    "github.com/oneiro-ndev/ndaumath/pkg/address",
    "github.com/oneiro-ndev/ndaumath/pkg/constants",
    "github.com/oneiro-ndev/ndaumath/pkg/key",
    "github.com/oneiro-ndev/ndaumath/pkg/signature",
    "github.com/oneiro-ndev/ndaumath/pkg/types",
    "github.com/oneiro-ndev/ndaumath/pkg/words",
    "github.com/oneiro-ndev/o11y/pkg/honeycomb",
    "github.com/oneiro-ndev/system_vars/pkg/system_vars",
    "github.com/pkg/errors",
    "github.com/rs/cors",
    "github.com/sirupsen/logrus",
    "github.com/stretchr/testify/assert",
    "github.com/tendermint/tendermint/abci/server",
    "github.com/tendermint/tendermint/crypto/ed25519",
    "github.com/tendermint/tendermint/crypto/encoding/amino",
    "github.com/tendermint/tendermint/libs/log",
    "github.com/tendermint/tendermint/rpc/client",
    "github.com/tendermint/tendermint/rpc/core/types",
    "github.com/tinylib/msgp/msgp",
  ]
  solver-name = "gps-cdcl"
  solver-version = 1
