# This file is autogenerated, do not edit; changes may be undone by the next 'dep ensure'.


[[projects]]
  digest = "1:e4b30804a381d7603b8a344009987c1ba351c26043501b23b8c7ce21f0b67474"
  name = "github.com/BurntSushi/toml"
  packages = ["."]
  pruneopts = ""
  revision = "3012a1dbe2e4bd1391d42b32f0577cb7bbc7f005"
  version = "v0.3.1"

[[projects]]
  digest = "1:d1b7be319f318156e7e49696c5cd86636c63680c9317c6167123b4c09f96583a"
  name = "github.com/alexflint/go-arg"
  packages = ["."]
  pruneopts = ""
  revision = "f40417ef119019b1c94b79f3f18b7f66b9fb6bce"
  version = "v1.0.0"

[[projects]]
  digest = "1:cc3e3ab828a51af490c9cf9c01487a201809e5cff04467c0fab8a2be0cb42109"
  name = "github.com/alexflint/go-scalar"
  packages = ["."]
  pruneopts = ""
  revision = "6638fbbc28f9ad0136ef5fd84a15c995e08e161f"
  version = "v1.0.0"

[[projects]]
  branch = "master"
  digest = "1:9378631c949c29d588010674c85037638f21d36af1ad36a523b1948b04c0d771"
  name = "github.com/attic-labs/graphql"
  packages = [
    ".",
    "gqlerrors",
    "language/ast",
    "language/kinds",
    "language/lexer",
    "language/location",
    "language/parser",
    "language/printer",
    "language/source",
    "language/typeInfo",
    "language/visitor",
  ]
  pruneopts = ""
  revision = "917f92ca24a759a0e3bfd1b135850f9b0c04682e"

[[projects]]
  branch = "master"
  digest = "1:b40230d769d63a8bcaa3dfe8aeae48fa4037fae7accdd4034fa7f3292f47592b"
  name = "github.com/attic-labs/noms"
  packages = [
    "go/chunks",
    "go/constants",
    "go/d",
    "go/datas",
    "go/hash",
    "go/marshal",
    "go/merge",
    "go/metrics",
    "go/nbs",
    "go/ngql",
    "go/nomdl",
    "go/sloppy",
    "go/spec",
    "go/types",
    "go/util/exit",
    "go/util/functions",
    "go/util/random",
    "go/util/sizecache",
    "go/util/verbose",
    "go/util/writers",
  ]
  pruneopts = ""
  revision = "186e0939a5044b182bce9e60dea910bd6bcb5cd9"
  source = "github.com/oneiro-ndev/noms"

[[projects]]
  digest = "1:acc172a8e517023b4bea240af35e8396d55239f1d9684de83ea05e3316e1a062"
  name = "github.com/aws/aws-sdk-go"
  packages = [
    "aws",
    "aws/awserr",
    "aws/awsutil",
    "aws/client",
    "aws/client/metadata",
    "aws/corehandlers",
    "aws/credentials",
    "aws/credentials/ec2rolecreds",
    "aws/credentials/endpointcreds",
    "aws/credentials/processcreds",
    "aws/credentials/stscreds",
    "aws/crr",
    "aws/csm",
    "aws/defaults",
    "aws/ec2metadata",
    "aws/endpoints",
    "aws/request",
    "aws/session",
    "aws/signer/v4",
    "internal/ini",
    "internal/s3err",
    "internal/sdkio",
    "internal/sdkrand",
    "internal/sdkuri",
    "internal/shareddefaults",
    "private/protocol",
    "private/protocol/eventstream",
    "private/protocol/eventstream/eventstreamapi",
    "private/protocol/json/jsonutil",
    "private/protocol/jsonrpc",
    "private/protocol/query",
    "private/protocol/query/queryutil",
    "private/protocol/rest",
    "private/protocol/restxml",
    "private/protocol/xml/xmlutil",
    "service/dynamodb",
    "service/s3",
    "service/sts",
  ]
  pruneopts = ""
  revision = "bae168494294b48b3fc9d6722a711246a8543034"
  version = "v1.19.2"

[[projects]]
  branch = "master"
  digest = "1:c0bec5f9b98d0bc872ff5e834fac186b807b656683bd29cb82fb207a1513fabb"
  name = "github.com/beorn7/perks"
  packages = ["quantile"]
  pruneopts = ""
  revision = "3a771d992973f24aa725d07868b467d1ddfceafb"

[[projects]]
  branch = "master"
  digest = "1:59265ab3fb2be86e904cfe169d06eb42435f2722b6ba961a4fb1144c8ab2ab16"
  name = "github.com/btcsuite/btcd"
  packages = ["btcec"]
  pruneopts = ""
  revision = "aa6e0f35703c1438cc45860ddc0c3f6e6c633c93"

[[projects]]
  digest = "1:0deddd908b6b4b768cfc272c16ee61e7088a60f7fe2f06c547bd3d8e1f8b8e77"
  name = "github.com/davecgh/go-spew"
  packages = ["spew"]
  pruneopts = ""
  revision = "8991bc29aa16c548c550c7ff78260e27b9ab7c73"
  version = "v1.1.1"

[[projects]]
  digest = "1:f1a75a8e00244e5ea77ff274baa9559eb877437b240ee7b278f3fc560d9f08bf"
  name = "github.com/dustin/go-humanize"
  packages = ["."]
  pruneopts = ""
  revision = "9f541cc9db5d55bce703bd99987c9d5cb8eea45e"
  version = "v1.0.0"

[[projects]]
  digest = "1:57b4616ca3d02b2abfb773e5bed848c6611cd028c49eb0e4c40df5d57bac10e0"
  name = "github.com/ericlagergren/decimal"
  packages = [
    ".",
    "internal/arith",
    "internal/arith/checked",
    "internal/c",
  ]
  pruneopts = ""
  revision = "73749d4874d5d3efba704f6046eae0517f998f4e"
  version = "v3.3.1"

[[projects]]
  branch = "master"
  digest = "1:88b37f144a80737f9e5cd50c887c00c2f3c7211257f884b8b80ce97e61ed1ccb"
  name = "github.com/facebookgo/clock"
  packages = ["."]
  pruneopts = ""
  revision = "600d898af40aa09a7a93ecb9265d87b0504b6f03"

[[projects]]
  branch = "master"
  digest = "1:6930cf0ed08691a27eec5fbdc4e9766867ad5f1694b780b5e2cef8ce601a6604"
  name = "github.com/facebookgo/limitgroup"
  packages = ["."]
  pruneopts = ""
  revision = "6abd8d71ec01451d7f1929eacaa263bbe2935d05"

[[projects]]
  branch = "master"
  digest = "1:4ab698691b394194bdd1bf44f140ddd5f822dfac321d00d925611a2e4ba72224"
  name = "github.com/facebookgo/muster"
  packages = ["."]
  pruneopts = ""
  revision = "fd3d7953fd52354a74b9f6b3d70d0c9650c4ec2a"

[[projects]]
  digest = "1:44ec1082ba97d89ce860abcc6ee3f0cf24e658d3efb8531b0f0a52f0781e4243"
  name = "github.com/go-kit/kit"
  packages = [
    "log",
    "log/level",
    "log/term",
    "metrics",
    "metrics/discard",
    "metrics/internal/lv",
    "metrics/prometheus",
  ]
  pruneopts = ""
  revision = "4dc7be5d2d12881735283bcab7352178e190fc71"
  version = "v0.6.0"

[[projects]]
  digest = "1:df89444601379b2e1ee82bf8e6b72af9901cbeed4b469fa380a519c89c339310"
  name = "github.com/go-logfmt/logfmt"
  packages = ["."]
  pruneopts = ""
  revision = "07c9b44f60d7ffdfb7d8efe1ad539965737836dc"
  version = "v0.4.0"

[[projects]]
  digest = "1:8c7410dae63c74bd92db09bf33af7e0698b635ab6a397fd8e9e10dfcce3138ac"
  name = "github.com/go-redis/redis"
  packages = [
    ".",
    "internal",
    "internal/consistenthash",
    "internal/hashtag",
    "internal/pool",
    "internal/proto",
    "internal/util",
  ]
  pruneopts = ""
  revision = "d22fde8721cc915a55aeb6b00944a76a92bfeb6e"
  version = "v6.15.2"

[[projects]]
  digest = "1:a01080d20c45c031c13f3828c56e58f4f51d926a482ad10cc0316225097eb7ea"
  name = "github.com/go-stack/stack"
  packages = ["."]
  pruneopts = ""
  revision = "2fee6af1a9795aafbe0253a0cfbdf668e1fb8a9a"
  version = "v1.8.0"

[[projects]]
  digest = "1:81a7ff0b813e894da72760f905238789e9fcfd18919934d82e651cb026222815"
  name = "github.com/go-zoo/bone"
  packages = ["."]
  pruneopts = ""
  revision = "d7ce1372afa7a4319e9b84ab08593d1342a8c10a"
  version = "1.3"

[[projects]]
  digest = "1:141cc9fc6279592458b304038bd16a05ef477d125c6dad281216345a11746fd7"
  name = "github.com/gofrs/uuid"
  packages = ["."]
  pruneopts = ""
  revision = "6b08a5c5172ba18946672b49749cde22873dd7c2"
  version = "v3.2.0"

[[projects]]
  digest = "1:fd53b471edb4c28c7d297f617f4da0d33402755f58d6301e7ca1197ef0a90937"
  name = "github.com/gogo/protobuf"
  packages = [
    "gogoproto",
    "jsonpb",
    "proto",
    "protoc-gen-gogo/descriptor",
    "sortkeys",
    "types",
  ]
  pruneopts = ""
  revision = "ba06b47c162d49f2af050fb4c75bcbc86a159d5c"
  version = "v1.2.1"

[[projects]]
  digest = "1:529d738b7976c3848cae5cf3a8036440166835e389c1f617af701eeb12a0518d"
  name = "github.com/golang/protobuf"
  packages = [
    "proto",
    "ptypes",
    "ptypes/any",
    "ptypes/duration",
    "ptypes/timestamp",
  ]
  pruneopts = ""
  revision = "b5d812f8a3706043e23a9cd5babf2e5423744d30"
  version = "v1.3.1"

[[projects]]
  digest = "1:6a6322a15aa8e99bd156fbba0aae4e5d67b4bb05251d860b348a45dfdcba9cce"
  name = "github.com/golang/snappy"
  packages = ["."]
  pruneopts = ""
  revision = "2a8bb927dd31d8daada140a5d09578521ce5c36a"
  version = "v0.0.1"

[[projects]]
  branch = "master"
  digest = "1:d0899ec7c2f61fd5e4ccba7dbefe72e366a3ecce23ecdb982c768fa1d38812fb"
  name = "github.com/google/shlex"
  packages = ["."]
  pruneopts = ""
  revision = "c34317bd91bf98fab745d77b03933cf8769299fe"

[[projects]]
  digest = "1:09aa5dd1332b93c96bde671bafb053249dc813febf7d5ca84e8f382ba255d67d"
  name = "github.com/gorilla/websocket"
  packages = ["."]
  pruneopts = ""
  revision = "66b9c49e59c6c48f0ffce28c2d8b8a5678502c6d"
  version = "v1.4.0"

[[projects]]
  digest = "1:cee6b991ec53a6514e489fbd59f8262f1bf62ca53af3eee275c2505e4487bc25"
  name = "github.com/honeycombio/libhoney-go"
  packages = [
    ".",
    "transmission",
  ]
  pruneopts = ""
  revision = "e492c96cda860be302142757e1296d06065b9552"
  version = "v1.9.5"

[[projects]]
  digest = "1:d557c549fb8422ece9f4878b4ea2b22f3fc36a46e195472f70bffc03a7b012c9"
  name = "github.com/jawher/mow.cli"
  packages = [
    ".",
    "internal/container",
    "internal/flow",
    "internal/fsm",
    "internal/lexer",
    "internal/matcher",
    "internal/parser",
    "internal/values",
  ]
  pruneopts = ""
  revision = "d9c41c7c90d99b076732ee72a657577128d610da"
  version = "v1.0.5"

[[projects]]
  digest = "1:13fe471d0ed891e8544eddfeeb0471fd3c9f2015609a1c000aefdedf52a19d40"
  name = "github.com/jmespath/go-jmespath"
  packages = ["."]
  pruneopts = ""
  revision = "c2b33e84"

[[projects]]
  digest = "1:67259578b10db5c8357e9c1084ab9272f1fa4a1d7563c4a02600f6b5f319ea50"
  name = "github.com/jmhodges/levigo"
  packages = ["."]
  pruneopts = ""
  revision = "853d788c5c416eaaee5b044570784a96c7a26975"
  version = "v1.0.0"

[[projects]]
  digest = "1:ef0f9731bc6c3c59396adc50f36da36ca98c704812c449794f9326f7bc64b5f1"
  name = "github.com/jpillora/backoff"
  packages = ["."]
  pruneopts = ""
  revision = "8eab2debe79d12b7bd3d10653910df25fa9552ba"
  version = "1.0.0"

[[projects]]
  branch = "master"
  digest = "1:6ea4e90d9fc387ca27c25348e40dbe38c3606eec7f283bf98a39db59b37ed5bb"
  name = "github.com/juju/gnuflag"
  packages = ["."]
  pruneopts = ""
  revision = "2ce1bb71843d6d179b3f1c1c9cb4a72cd067fc65"

[[projects]]
  digest = "1:deeb6536ebbcb66ab11213ecfaac9daadfcd004dd057446a4980ffd6c15c36e2"
  name = "github.com/julienschmidt/httprouter"
  packages = ["."]
  pruneopts = ""
  revision = "348b672cd90d8190f8240323e372ecd1e66b59dc"
  version = "v1.2.0"

[[projects]]
  branch = "master"
  digest = "1:1d1ca41e5107be69a4d89b3dc3e95dbf50c20d852156b06c84786cdffcbf5cf6"
  name = "github.com/kch42/buzhash"
  packages = ["."]
  pruneopts = ""
  revision = "9bdec3dec7c611fa97beadc374d75bdf02cd880e"

[[projects]]
  digest = "1:e9d28d49770650ad08afb7641f27dba3b05725388d5ee3587017a0576e9c995f"
  name = "github.com/kentquirk/boneful"
  packages = ["."]
  pruneopts = ""
  revision = "bdc648b32da75d04b55ef84a8ab9398d8172a8a1"
  version = "v1.1.1"

[[projects]]
  branch = "master"
  digest = "1:2cead5f63553a631cb6bad9933b773e40ff5086ec1dc40e35fd59377797ef894"
  name = "github.com/kentquirk/rewriter"
  packages = ["pkg/rewriter"]
  pruneopts = ""
  revision = "7ce4cd5781007a4057db3a7517f35e859706e186"

[[projects]]
  digest = "1:0f51cee70b0d254dbc93c22666ea2abf211af81c1701a96d04e2284b408621db"
  name = "github.com/konsorten/go-windows-terminal-sequences"
  packages = ["."]
  pruneopts = ""
  revision = "f55edac94c9bbba5d6182a4be46d86a2c9b5b50e"
  version = "v1.0.2"

[[projects]]
  branch = "master"
  digest = "1:1ed9eeebdf24aadfbca57eb50e6455bd1d2474525e0f0d4454de8c8e9bc7ee9a"
  name = "github.com/kr/logfmt"
  packages = ["."]
  pruneopts = ""
  revision = "b84e30acd515aadc4b783ad4ff83aff3299bdfe0"

[[projects]]
  digest = "1:63722a4b1e1717be7b98fc686e0b30d5e7f734b9e93d7dee86293b6deab7ea28"
  name = "github.com/matttproud/golang_protobuf_extensions"
  packages = ["pbutil"]
  pruneopts = ""
  revision = "c12348ce28de40eed0136aa2b644d0ee0650e56c"
  version = "v1.0.1"

[[projects]]
  digest = "1:6dbb0eb72090871f2e58d1e37973fe3cb8c0f45f49459398d3fc740cb30e13bd"
  name = "github.com/mitchellh/go-homedir"
  packages = ["."]
  pruneopts = ""
  revision = "af06845cf3004701891bf4fdb884bfe4920b3727"
  version = "v1.1.0"

[[projects]]
  digest = "1:826afe4eac3d3a5cc7498bfb04ae2ab317c3a2398409936cd948bd734b6d88e5"
  name = "github.com/oneiro-ndev/chaincode"
  packages = [
    "pkg/chain",
    "pkg/vm",
  ]
  pruneopts = ""
  revision = "3a5f6c101798047bc1895854cbdd6a1f9fdee422"
  version = "v1.2.0"

[[projects]]
  digest = "1:969611b51496894d3a68fa092537e4ad127b1f646c774c44caef6a35e3c60a4a"
  name = "github.com/oneiro-ndev/genesis"
  packages = [
    "pkg/cli.util",
    "pkg/config",
    "pkg/etl",
    "pkg/genesis",
  ]
  pruneopts = ""
  revision = "fea8d877ccab510bda10c241bd7178a311d9e6d5"
  version = "v1.1.1"

[[projects]]
  digest = "1:9ae2cf28e57f55c7037d368415a5acdc3fabdd4fb5abf465d5298eb8c1cdf1f3"
  name = "github.com/oneiro-ndev/json2msgp"
  packages = ["."]
  pruneopts = ""
  revision = "715e97525b6d5bfcaf83127e1de6680a6a030b6d"
  version = "v1.0.0"

[[projects]]
  digest = "1:9a60afcbd7cff9c784eeb6a586a49ce4446e59e4a94cc5ec89e31ba89bc5dec6"
  name = "github.com/oneiro-ndev/metanode"
  packages = [
    "pkg/meta/app",
    "pkg/meta/app/code",
    "pkg/meta/search",
    "pkg/meta/state",
    "pkg/meta/transaction",
  ]
  pruneopts = ""
  revision = "f5a5ea8d024f4fbe54970746e8a7cbe02ddb2be6"
  version = "v1.5.2"

[[projects]]
  digest = "1:cf6bdc91a5eaa82ff626dbc20243658a66b68dfc52a1b5ae54335e1efd0f7de1"
  name = "github.com/oneiro-ndev/msgp-well-known-types"
  packages = ["wkt"]
  pruneopts = ""
  revision = "20dbc66cfaa097bf8cdf60b740e0ac37251d07c3"
  version = "v0.1.2"

[[projects]]
  digest = "1:42b16f34900607cfce450920036c4f6d753281252d5a37f2c9a1c674bb84bbcc"
  name = "github.com/oneiro-ndev/mt19937_64"
  packages = ["."]
  pruneopts = ""
  revision = "3f74adc550ba95a0b1e26a5029d3a84b0a146076"
  version = "1.0.1"

[[projects]]
  branch = "ejm-update-terminology"
  digest = "1:4716e85c9eec20c07f3f4c0d8c76745e2f6c537be20d699d16cf63d8a8bd4eaa"
  name = "github.com/oneiro-ndev/ndau"
  packages = [
    "pkg/ndau",
    "pkg/ndau/backing",
    "pkg/ndau/config",
    "pkg/ndau/search",
    "pkg/ndauapi/cfg",
    "pkg/ndauapi/reqres",
    "pkg/ndauapi/routes",
    "pkg/ndauapi/svc",
    "pkg/ndauapi/ws",
    "pkg/query",
    "pkg/tool",
    "pkg/tool.config",
    "pkg/version",
  ]
  pruneopts = ""
  revision = "16c44802c2cfa31f1364a13b8fb87c6d9e908e67"

[[projects]]
  digest = "1:8856adc24486b6d662a5d929eae67314c26da2e6202e68f9b02b230f4a9810d8"
  name = "github.com/oneiro-ndev/ndaumath"
  packages = [
    "pkg/address",
    "pkg/b32",
    "pkg/bip32",
    "pkg/bitset256",
    "pkg/constants",
    "pkg/eai",
    "pkg/key",
    "pkg/ndauerr",
    "pkg/pricecurve",
    "pkg/signature",
    "pkg/signature/algorithms/ed25519",
    "pkg/signature/algorithms/null",
    "pkg/signature/algorithms/secp256k1",
    "pkg/signed",
    "pkg/types",
    "pkg/unsigned",
    "pkg/words",
  ]
  pruneopts = ""
  revision = "a3d5bf3ba797e8acbfcb8debfeccfb3a19b0525f"
  version = "v1.3.1"

[[projects]]
  branch = "master"
  digest = "1:a10ccbf1d733d997f960c613f2d377e4b0d0202594a15b2c705cba471e27edf2"
  name = "github.com/oneiro-ndev/noms-util"
  packages = ["."]
  pruneopts = ""
  revision = "89919acd3baede72bbd08895e2ee37e583e059c9"

[[projects]]
  digest = "1:a6e407e79884332da0bd0671d247cbcd15119f4d9397104e3d7a3665c7ade07b"
  name = "github.com/oneiro-ndev/o11y"
  packages = ["pkg/honeycomb"]
  pruneopts = ""
  revision = "aa2af29d92adea204a6365d09e14256c2e34211f"
  version = "v1.3.2"

[[projects]]
  branch = "ejm-update-terminology"
  digest = "1:03e9054af8fa036bfe0c33f4e60168c3f654e03517f3c8aa6ec689a2298b3f7e"
  name = "github.com/oneiro-ndev/system_vars"
  packages = [
    "pkg/genesis.generator",
    "pkg/genesisfile",
    "pkg/system_vars",
  ]
  pruneopts = ""
  revision = "9b63d3e6ec6beb737286e9806023ee57fef4d8ec"

[[projects]]
  digest = "1:478d348a3b450b2951b2ad155bf12d0beaef59fcf0d66c2d78b010dc7418e8e7"
  name = "github.com/oneiro-ndev/writers"
  packages = [
    "pkg/linewriter",
    "pkg/testwriter",
  ]
  pruneopts = ""
  revision = "a874325e4c132628c1a8c15f056cccc9b82d6ff9"
  version = "v1.0.0"

[[projects]]
  digest = "1:210286d0cb60ffe28f1ca00b664029e8943009f95d06d8f8c336301b28e1aee5"
  name = "github.com/philhofer/fwd"
  packages = ["."]
  pruneopts = ""
  revision = "bb6d471dc95d4fe11e432687f8b70ff496cf3136"
  version = "v1.0.0"

[[projects]]
  digest = "1:1d7e1867c49a6dd9856598ef7c3123604ea3daabf5b83f303ff457bcbc410b1d"
  name = "github.com/pkg/errors"
  packages = ["."]
  pruneopts = ""
  revision = "ba968bfe8b2f7e042a574c888954fccecfa385b4"
  version = "v0.8.1"

[[projects]]
  digest = "1:256484dbbcd271f9ecebc6795b2df8cad4c458dd0f5fd82a8c2fa0c29f233411"
  name = "github.com/pmezard/go-difflib"
  packages = ["difflib"]
  pruneopts = ""
  revision = "792786c7400a136282c1664665ae0a8db921c6c2"
  version = "v1.0.0"

[[projects]]
  digest = "1:6f218995d6a74636cfcab45ce03005371e682b4b9bee0e5eb0ccfd83ef85364f"
  name = "github.com/prometheus/client_golang"
  packages = [
    "prometheus",
    "prometheus/internal",
    "prometheus/promhttp",
  ]
  pruneopts = ""
  revision = "505eaef017263e299324067d40ca2c48f6a2cf50"
  version = "v0.9.2"

[[projects]]
  branch = "master"
  digest = "1:cd67319ee7536399990c4b00fae07c3413035a53193c644549a676091507cadc"
  name = "github.com/prometheus/client_model"
  packages = ["go"]
  pruneopts = ""
  revision = "fd36f4220a901265f90734c3183c5f0c91daa0b8"

[[projects]]
  digest = "1:96af18a3819d2ff7d6aa07e6e50955b11e477dbc8b890324c67462b84adca56b"
  name = "github.com/prometheus/common"
  packages = [
    "expfmt",
    "internal/bitbucket.org/ww/goautoneg",
    "model",
  ]
  pruneopts = ""
  revision = "cfeb6f9992ffa54aaa4f2170ade4067ee478b250"
  version = "v0.2.0"

[[projects]]
  branch = "master"
  digest = "1:5dff64a37ab1e65130c24f01d5fbda61226b73cc61b6f0c8af24373509a89b73"
  name = "github.com/prometheus/procfs"
  packages = [
    ".",
    "internal/util",
    "iostats",
    "nfs",
    "xfs",
  ]
  pruneopts = ""
  revision = "55ae3d9d557340b5bc24cd8aa5f6fa2c2ab31352"

[[projects]]
  branch = "master"
  digest = "1:bc5884d890d71ae56382665a93d792af3602dae40fa98778170e4795598a7264"
  name = "github.com/rcrowley/go-metrics"
  packages = ["."]
  pruneopts = ""
  revision = "3113b8401b8a98917cde58f8bbd42a1b1c03b1fd"

[[projects]]
  digest = "1:5f47c69f85311c4dc292be6cc995a0a3fe8337a6ce38ef4f71e5b7efd5ad42e0"
  name = "github.com/rs/cors"
  packages = ["."]
  pruneopts = ""
  revision = "9a47f48565a795472d43519dd49aac781f3034fb"
  version = "v1.6.0"

[[projects]]
  branch = "master"
  digest = "1:23b2f09199abd84ffef1081b3fd1ff7e7efafcf4440a57a8418e7bca87cb53cf"
  name = "github.com/savaki/jq"
  packages = [
    ".",
    "scanner",
  ]
  pruneopts = ""
  revision = "0e6baecebbf8a24a6590d3fc8232165008d6e5d8"

[[projects]]
  branch = "master"
  digest = "1:e8ba1ad18941b86ab63c33ad0e1def6ff47f6d9b55e59b5c88978c6d22667fc0"
  name = "github.com/sigurn/crc16"
  packages = ["."]
  pruneopts = ""
  revision = "da416fad5162ac0f3338ba24dccdb26e4da22485"

[[projects]]
  branch = "master"
  digest = "1:52ed74cbf4d1bb1975642c817ec91b221c8963fa599885319407bf468431851d"
  name = "github.com/sigurn/utils"
  packages = ["."]
  pruneopts = ""
  revision = "f19e41f79f8f006116f682c1af454591bc278ad4"

[[projects]]
  digest = "1:b73fe282e350b3ef2c71d8ff08e929e0b9670b1bb5b7fde1d3c1b4cd6e6dc8b1"
  name = "github.com/sirupsen/logrus"
  packages = ["."]
  pruneopts = ""
  revision = "dae0fa8d5b0c810a8ab733fbd5510c7cae84eca4"
  version = "v1.4.0"

[[projects]]
  digest = "1:381bcbeb112a51493d9d998bbba207a529c73dbb49b3fd789e48c63fac1f192c"
  name = "github.com/stretchr/testify"
  packages = [
    "assert",
    "require",
  ]
  pruneopts = ""
  revision = "ffdc059bfe9ce6a4e144ba849dbedead332c6053"
  version = "v1.3.0"

[[projects]]
  digest = "1:0a9834d471916f392c608d4f13225444d47b6b7a0378dce1aef683d83711179f"
  name = "github.com/syndtr/goleveldb"
  packages = [
    "leveldb",
    "leveldb/cache",
    "leveldb/comparer",
    "leveldb/errors",
    "leveldb/filter",
    "leveldb/iterator",
    "leveldb/journal",
    "leveldb/memdb",
    "leveldb/opt",
    "leveldb/storage",
    "leveldb/table",
    "leveldb/util",
  ]
  pruneopts = ""
  revision = "9d007e481048296f09f59bd19bb7ae584563cd95"
  version = "v1.0.0"

[[projects]]
  digest = "1:41d24b8f6f442ff86b37be473e45b2bfc9a219eee1bdfabf9e680b9dd51b32a3"
  name = "github.com/tealeg/xlsx"
  packages = ["."]
  pruneopts = ""
  revision = "8be35264fa75a1bbe954ce51eba04f273e2c59e5"
  version = "v1.0.3"

[[projects]]
  digest = "1:ae41c0d9bd222a15ed08e854dbcf7c1ef8a511b937b7fb661762b3e91ff86b49"
  name = "github.com/tendermint/go-amino"
  packages = ["."]
  pruneopts = ""
  revision = "dc14acf9ef15f85828bfbc561ed9dd9d2a284885"
  version = "v0.14.1"

[[projects]]
  digest = "1:b0d497533aa41891dc2a03cfe199ebc0884b66c39fa0d169ac96f095b995e3b0"
  name = "github.com/tendermint/tendermint"
  packages = [
    "abci/client",
    "abci/example/code",
    "abci/example/counter",
    "abci/example/kvstore",
    "abci/server",
    "abci/types",
    "blockchain",
    "config",
    "consensus",
    "consensus/types",
    "crypto",
    "crypto/ed25519",
    "crypto/encoding/amino",
    "crypto/merkle",
    "crypto/multisig",
    "crypto/multisig/bitarray",
    "crypto/secp256k1",
    "crypto/secp256k1/internal/secp256k1",
    "crypto/tmhash",
    "evidence",
    "libs/autofile",
    "libs/clist",
    "libs/common",
    "libs/db",
    "libs/events",
    "libs/fail",
    "libs/flowrate",
    "libs/log",
    "libs/pubsub",
    "libs/pubsub/query",
    "mempool",
    "node",
    "p2p",
    "p2p/conn",
    "p2p/pex",
    "privval",
    "proxy",
    "rpc/client",
    "rpc/core",
    "rpc/core/types",
    "rpc/grpc",
    "rpc/lib/client",
    "rpc/lib/server",
    "rpc/lib/types",
    "state",
    "state/txindex",
    "state/txindex/kv",
    "state/txindex/null",
    "types",
    "types/time",
    "version",
  ]
  pruneopts = ""
  revision = "4695414393a3e0bc3836fb1cece7f1f3768d3311"
  version = "v0.31.4"

[[projects]]
  digest = "1:23ed2a28cfc147d46f7fbf4d85f83f6d659e15eac4ad1c16c4d32b19da5bd2fa"
  name = "github.com/tinylib/msgp"
  packages = ["msgp"]
  pruneopts = ""
  revision = "af6442a0fcf6e2a1b824f70dd0c734f01e817751"
  version = "v1.1.0"

[[projects]]
  branch = "master"
  digest = "1:36ef1d8645934b1744cc7d8726e00d3dd9d8d84c18617bf7367a3a6d532f3370"
  name = "golang.org/x/crypto"
  packages = [
    "chacha20poly1305",
    "curve25519",
    "ed25519",
    "ed25519/internal/edwards25519",
    "hkdf",
    "internal/chacha20",
    "internal/subtle",
    "nacl/box",
    "nacl/secretbox",
    "poly1305",
    "ripemd160",
    "salsa20/salsa",
    "ssh/terminal",
  ]
  pruneopts = ""
  revision = "a5d413f7728c81fb97d96a2b722368945f651e78"

[[projects]]
  branch = "master"
  digest = "1:43bfad8e9461c3d7263ee81f7fee874aa0635555d5631af29be28707cb048c38"
  name = "golang.org/x/net"
  packages = [
    "context",
    "http/httpguts",
    "http2",
    "http2/hpack",
    "idna",
    "internal/timeseries",
    "netutil",
    "trace",
  ]
  pruneopts = ""
  revision = "710a502c58a2a4b2d7417a4e24ccb96d8dc13fa3"

[[projects]]
  branch = "master"
  digest = "1:919aaa36fe27d6fba3bea8067d0dea806269c45c8e5f329713eef4e2637dc2f4"
  name = "golang.org/x/sys"
  packages = [
    "cpu",
    "unix",
    "windows",
  ]
  pruneopts = ""
  revision = "f49334f85ddcf0f08d7fb6dd7363e9e6d6b777eb"

[[projects]]
  digest = "1:5acd3512b047305d49e8763eef7ba423901e85d5dd2fd1e71778a0ea8de10bd4"
  name = "golang.org/x/text"
  packages = [
    "collate",
    "collate/build",
    "internal/colltab",
    "internal/gen",
    "internal/tag",
    "internal/triegen",
    "internal/ucd",
    "language",
    "secure/bidirule",
    "transform",
    "unicode/bidi",
    "unicode/cldr",
    "unicode/norm",
    "unicode/rangetable",
  ]
  pruneopts = ""
  revision = "f21a4dfb5e38f5895301dc265a8def02365cc3d0"
  version = "v0.3.0"

[[projects]]
  branch = "master"
  digest = "1:4b40c17c844ea1c6300acae1b151c9f4e30e74b489f9e59c961cae257aa5f448"
  name = "google.golang.org/genproto"
  packages = ["googleapis/rpc/status"]
  pruneopts = ""
  revision = "d831d65fe17df2e52bcc4316d4a9f7a418701f43"

[[projects]]
  digest = "1:9e9c6b3804858b1a058ef81027270d307b74f4ddd727d2edff0ca002dd304adb"
  name = "google.golang.org/grpc"
  packages = [
    ".",
    "balancer",
    "balancer/base",
    "balancer/roundrobin",
    "binarylog/grpc_binarylog_v1",
    "codes",
    "connectivity",
    "credentials",
    "credentials/internal",
    "encoding",
    "encoding/proto",
    "grpclog",
    "internal",
    "internal/backoff",
    "internal/binarylog",
    "internal/channelz",
    "internal/envconfig",
    "internal/grpcrand",
    "internal/grpcsync",
    "internal/syscall",
    "internal/transport",
    "keepalive",
    "metadata",
    "naming",
    "peer",
    "resolver",
    "resolver/dns",
    "resolver/passthrough",
    "stats",
    "status",
    "tap",
  ]
  pruneopts = ""
  revision = "3507fb8e1a5ad030303c106fef3a47c9fdad16ad"
  version = "v1.19.1"

[[projects]]
  digest = "1:73ebcbf8b130be886f04e5b928308604a36620e53343b833926a3aa4f2582abd"
  name = "gopkg.in/alexcesaro/statsd.v2"
  packages = ["."]
  pruneopts = ""
  revision = "7fea3f0d2fab1ad973e641e51dba45443a311a90"
  version = "v2.0.0"

[solve-meta]
  analyzer-name = "dep"
  analyzer-version = 1
  input-imports = [
    "github.com/BurntSushi/toml",
    "github.com/alexflint/go-arg",
    "github.com/attic-labs/noms/go/datas",
    "github.com/attic-labs/noms/go/hash",
    "github.com/attic-labs/noms/go/spec",
    "github.com/attic-labs/noms/go/types",
    "github.com/go-redis/redis",
    "github.com/google/shlex",
    "github.com/jawher/mow.cli",
    "github.com/kentquirk/rewriter/pkg/rewriter",
    "github.com/mitchellh/go-homedir",
    "github.com/oneiro-ndev/chaincode/pkg/chain",
    "github.com/oneiro-ndev/chaincode/pkg/vm",
    "github.com/oneiro-ndev/genesis/pkg/cli.util",
    "github.com/oneiro-ndev/genesis/pkg/config",
    "github.com/oneiro-ndev/genesis/pkg/etl",
    "github.com/oneiro-ndev/genesis/pkg/genesis",
    "github.com/oneiro-ndev/json2msgp",
    "github.com/oneiro-ndev/metanode/pkg/meta/app",
    "github.com/oneiro-ndev/metanode/pkg/meta/app/code",
    "github.com/oneiro-ndev/metanode/pkg/meta/state",
    "github.com/oneiro-ndev/metanode/pkg/meta/transaction",
    "github.com/oneiro-ndev/ndau/pkg/ndau",
    "github.com/oneiro-ndev/ndau/pkg/ndau/backing",
    "github.com/oneiro-ndev/ndau/pkg/ndau/config",
    "github.com/oneiro-ndev/ndau/pkg/ndauapi/cfg",
    "github.com/oneiro-ndev/ndau/pkg/ndauapi/routes",
    "github.com/oneiro-ndev/ndau/pkg/ndauapi/svc",
    "github.com/oneiro-ndev/ndau/pkg/query",
    "github.com/oneiro-ndev/ndau/pkg/tool",
    "github.com/oneiro-ndev/ndau/pkg/tool.config",
    "github.com/oneiro-ndev/ndau/pkg/version",
    "github.com/oneiro-ndev/ndaumath/pkg/address",
    "github.com/oneiro-ndev/ndaumath/pkg/constants",
    "github.com/oneiro-ndev/ndaumath/pkg/key",
    "github.com/oneiro-ndev/ndaumath/pkg/pricecurve",
    "github.com/oneiro-ndev/ndaumath/pkg/signature",
    "github.com/oneiro-ndev/ndaumath/pkg/types",
    "github.com/oneiro-ndev/ndaumath/pkg/words",
    "github.com/oneiro-ndev/noms-util",
    "github.com/oneiro-ndev/o11y/pkg/honeycomb",
    "github.com/oneiro-ndev/system_vars/pkg/genesis.generator",
    "github.com/oneiro-ndev/system_vars/pkg/genesisfile",
    "github.com/oneiro-ndev/system_vars/pkg/system_vars",
    "github.com/pkg/errors",
    "github.com/rs/cors",
    "github.com/savaki/jq",
    "github.com/sirupsen/logrus",
    "github.com/stretchr/testify/assert",
    "github.com/stretchr/testify/require",
    "github.com/tendermint/tendermint/abci/server",
    "github.com/tendermint/tendermint/libs/log",
    "github.com/tendermint/tendermint/rpc/client",
    "github.com/tendermint/tendermint/rpc/core/types",
    "github.com/tinylib/msgp/msgp",
  ]
  solver-name = "gps-cdcl"
  solver-version = 1
