# This file is autogenerated, do not edit; changes may be undone by the next 'dep ensure'.


[[projects]]
  digest = "1:e4b30804a381d7603b8a344009987c1ba351c26043501b23b8c7ce21f0b67474"
  name = "github.com/BurntSushi/toml"
  packages = ["."]
  pruneopts = ""
  revision = "3012a1dbe2e4bd1391d42b32f0577cb7bbc7f005"
  version = "v0.3.1"

[[projects]]
  digest = "1:22c4f2d6b662f9496d264b2ff3460956e7d8b606e08b17e621118bafabdca6fb"
  name = "github.com/akrylysov/algnhsa"
  packages = ["."]
  pruneopts = ""
  revision = "05b3d192e9a7c7e3e64ecfd4be490a6771a05b3f"
  version = "v0.11"

[[projects]]
  branch = "master"
  digest = "1:a7f619ffc7b99687f9444bd0a07509fec8ae708a7175d234878129896c0918a8"
  name = "github.com/alecthomas/template"
  packages = [
    ".",
    "parse",
  ]
  pruneopts = ""
  revision = "fb15b899a75114aa79cc930e33c46b577cc664b1"

[[projects]]
  branch = "master"
  digest = "1:86ea497979270399c5e544bbdc6f3a846078cd7c6d9be40fd0012ab54fee4052"
  name = "github.com/alecthomas/units"
  packages = ["."]
  pruneopts = ""
  revision = "c3de453c63f4bdb4dadffab9805ec00426c505f7"

[[projects]]
  digest = "1:5418edaba5856d5a67695d3c1d1fb2b60f2b7fdee95ab2879904a00cc0139fc6"
  name = "github.com/alexflint/go-arg"
  packages = ["."]
  pruneopts = ""
  revision = "8baf7040d76473dd1d78c17b490d9d8cf6b1c584"
  version = "v1.1.0"

[[projects]]
  digest = "1:cc3e3ab828a51af490c9cf9c01487a201809e5cff04467c0fab8a2be0cb42109"
  name = "github.com/alexflint/go-scalar"
  packages = ["."]
  pruneopts = ""
  revision = "6638fbbc28f9ad0136ef5fd84a15c995e08e161f"
  version = "v1.0.0"

[[projects]]
  branch = "master"
  digest = "1:dda30795197e3ff7ecb64a3bb2f2e71d29ed9005547148178fe488b71679224d"
  name = "github.com/attic-labs/graphql"
  packages = [
    ".",
    "gqlerrors",
    "language/ast",
    "language/kinds",
    "language/lexer",
    "language/location",
    "language/parser",
    "language/printer",
    "language/source",
    "language/typeInfo",
    "language/visitor",
  ]
  pruneopts = ""
  revision = "b6552d20145fbabab0c1c1dd00a0bc834df9c3dd"

[[projects]]
  digest = "1:15d017551627c8bb091bde628215b2861bed128855343fdd570c62d08871f6e1"
  name = "github.com/attic-labs/kingpin"
  packages = ["."]
  pruneopts = ""
  revision = "947dcec5ba9c011838740e680966fd7087a71d0d"
  version = "v2.2.6"

[[projects]]
  branch = "master"
  digest = "1:9e791b07b9d7a3537adff1ab8c0e3c1a558354038146b45a6fc3e7e5c0bb5e3e"
  name = "github.com/attic-labs/noms"
  packages = [
    "go/chunks",
    "go/constants",
    "go/d",
    "go/datas",
    "go/hash",
    "go/marshal",
    "go/merge",
    "go/metrics",
    "go/nbs",
    "go/ngql",
    "go/nomdl",
    "go/sloppy",
    "go/spec",
    "go/types",
    "go/util/exit",
    "go/util/functions",
    "go/util/random",
    "go/util/sizecache",
    "go/util/verbose",
    "go/util/writers",
  ]
  pruneopts = ""
  revision = "1d6d4689808c155bccec3764720abfcb4ff9a3e7"

[[projects]]
  digest = "1:deba4f4561cc7490127f599626c78cbfe972ffacc8edfaf77710de8922e0ae77"
  name = "github.com/aws/aws-lambda-go"
  packages = [
    "events",
    "lambda",
    "lambda/handlertrace",
    "lambda/messages",
    "lambdacontext",
  ]
  pruneopts = ""
  revision = "4c210d7623089d36b6bb6febf5a5e553bf73fbfb"
  version = "v1.11.1"

[[projects]]
  digest = "1:06a3d6c930263524e16e4c0b4b6cf461f83ffcb468864a18f537ce19a44e5de4"
  name = "github.com/aws/aws-sdk-go"
  packages = [
    "aws",
    "aws/awserr",
    "aws/awsutil",
    "aws/client",
    "aws/client/metadata",
    "aws/corehandlers",
    "aws/credentials",
    "aws/credentials/ec2rolecreds",
    "aws/credentials/endpointcreds",
    "aws/credentials/processcreds",
    "aws/credentials/stscreds",
    "aws/crr",
    "aws/csm",
    "aws/defaults",
    "aws/ec2metadata",
    "aws/endpoints",
    "aws/request",
    "aws/session",
    "aws/signer/v4",
    "internal/ini",
    "internal/s3err",
    "internal/sdkio",
    "internal/sdkrand",
    "internal/sdkuri",
    "internal/shareddefaults",
    "private/protocol",
    "private/protocol/eventstream",
    "private/protocol/eventstream/eventstreamapi",
    "private/protocol/json/jsonutil",
    "private/protocol/jsonrpc",
    "private/protocol/query",
    "private/protocol/query/queryutil",
    "private/protocol/rest",
    "private/protocol/restxml",
    "private/protocol/xml/xmlutil",
    "service/dynamodb",
    "service/dynamodb/dynamodbattribute",
    "service/kms",
    "service/s3",
    "service/sts",
  ]
  pruneopts = ""
  revision = "420cda5d6383f94f7d9c231aa44bad3325181950"
  version = "v1.20.20"

[[projects]]
  digest = "1:0d3deb8a6da8ffba5635d6fb1d2144662200def6c9d82a35a6d05d6c2d4a48f9"
  name = "github.com/beorn7/perks"
  packages = ["quantile"]
  pruneopts = ""
  revision = "4b2b341e8d7715fae06375aa633dbb6e91b3fb46"
  version = "v1.0.0"

[[projects]]
  branch = "master"
  digest = "1:fbcbb6dc66bcaddf7c075d7b36c49df20e6f327a0774abca922331e889295352"
  name = "github.com/btcsuite/btcd"
  packages = ["btcec"]
  pruneopts = ""
  revision = "c26ffa870fd817666a857af1bf6498fabba1ffe3"

[[projects]]
  digest = "1:0deddd908b6b4b768cfc272c16ee61e7088a60f7fe2f06c547bd3d8e1f8b8e77"
  name = "github.com/davecgh/go-spew"
  packages = ["spew"]
  pruneopts = ""
  revision = "8991bc29aa16c548c550c7ff78260e27b9ab7c73"
  version = "v1.1.1"

[[projects]]
  digest = "1:f1a75a8e00244e5ea77ff274baa9559eb877437b240ee7b278f3fc560d9f08bf"
  name = "github.com/dustin/go-humanize"
  packages = ["."]
  pruneopts = ""
  revision = "9f541cc9db5d55bce703bd99987c9d5cb8eea45e"
  version = "v1.0.0"

[[projects]]
  digest = "1:57b4616ca3d02b2abfb773e5bed848c6611cd028c49eb0e4c40df5d57bac10e0"
  name = "github.com/ericlagergren/decimal"
  packages = [
    ".",
    "internal/arith",
    "internal/arith/checked",
    "internal/c",
  ]
  pruneopts = ""
  revision = "73749d4874d5d3efba704f6046eae0517f998f4e"
  version = "v3.3.1"

[[projects]]
  digest = "1:a434b4f8c58b32c879170ef48dd400c3cc9c7b6c56a2d2118b93a4575e889319"
  name = "github.com/etcd-io/bbolt"
  packages = ["."]
  pruneopts = ""
  revision = "a0458a2b35708eef59eb5f620ceb3cd1c01a824d"
  version = "v1.3.3"

[[projects]]
  branch = "master"
  digest = "1:88b37f144a80737f9e5cd50c887c00c2f3c7211257f884b8b80ce97e61ed1ccb"
  name = "github.com/facebookgo/clock"
  packages = ["."]
  pruneopts = ""
  revision = "600d898af40aa09a7a93ecb9265d87b0504b6f03"

[[projects]]
  branch = "master"
  digest = "1:6930cf0ed08691a27eec5fbdc4e9766867ad5f1694b780b5e2cef8ce601a6604"
  name = "github.com/facebookgo/limitgroup"
  packages = ["."]
  pruneopts = ""
  revision = "6abd8d71ec01451d7f1929eacaa263bbe2935d05"

[[projects]]
  branch = "master"
  digest = "1:4ab698691b394194bdd1bf44f140ddd5f822dfac321d00d925611a2e4ba72224"
  name = "github.com/facebookgo/muster"
  packages = ["."]
  pruneopts = ""
  revision = "fd3d7953fd52354a74b9f6b3d70d0c9650c4ec2a"

[[projects]]
  digest = "1:44ec1082ba97d89ce860abcc6ee3f0cf24e658d3efb8531b0f0a52f0781e4243"
  name = "github.com/go-kit/kit"
  packages = [
    "log",
    "log/level",
    "log/term",
    "metrics",
    "metrics/discard",
    "metrics/internal/lv",
    "metrics/prometheus",
  ]
  pruneopts = ""
  revision = "4dc7be5d2d12881735283bcab7352178e190fc71"
  version = "v0.6.0"

[[projects]]
  digest = "1:df89444601379b2e1ee82bf8e6b72af9901cbeed4b469fa380a519c89c339310"
  name = "github.com/go-logfmt/logfmt"
  packages = ["."]
  pruneopts = ""
  revision = "07c9b44f60d7ffdfb7d8efe1ad539965737836dc"
  version = "v0.4.0"

[[projects]]
  digest = "1:c2db84082861ca42d0b00580d28f4b31aceec477a00a38e1a057fb3da75c8adc"
  name = "github.com/go-redis/redis"
  packages = [
    ".",
    "internal",
    "internal/consistenthash",
    "internal/hashtag",
    "internal/pool",
    "internal/proto",
    "internal/util",
  ]
  pruneopts = ""
  revision = "75795aa4236dc7341eefac3bbe945e68c99ef9df"
  version = "v6.15.3"

[[projects]]
  digest = "1:a01080d20c45c031c13f3828c56e58f4f51d926a482ad10cc0316225097eb7ea"
  name = "github.com/go-stack/stack"
  packages = ["."]
  pruneopts = ""
  revision = "2fee6af1a9795aafbe0253a0cfbdf668e1fb8a9a"
  version = "v1.8.0"

[[projects]]
  digest = "1:e2093c5227d68a7bb93f79c35e5eea2073b4929776b923f2accccb223ee8dca9"
  name = "github.com/go-zoo/bone"
  packages = ["."]
  pruneopts = ""
  revision = "31c3a0bb520c6d7a63dbb942459a3067787a975e"
  version = "v1.3.0"

[[projects]]
  digest = "1:141cc9fc6279592458b304038bd16a05ef477d125c6dad281216345a11746fd7"
  name = "github.com/gofrs/uuid"
  packages = ["."]
  pruneopts = ""
  revision = "6b08a5c5172ba18946672b49749cde22873dd7c2"
  version = "v3.2.0"

[[projects]]
  digest = "1:fd53b471edb4c28c7d297f617f4da0d33402755f58d6301e7ca1197ef0a90937"
  name = "github.com/gogo/protobuf"
  packages = [
    "gogoproto",
    "jsonpb",
    "proto",
    "protoc-gen-gogo/descriptor",
    "sortkeys",
    "types",
  ]
  pruneopts = ""
  revision = "ba06b47c162d49f2af050fb4c75bcbc86a159d5c"
  version = "v1.2.1"

[[projects]]
  digest = "1:b852d2b62be24e445fcdbad9ce3015b44c207815d631230dfce3f14e7803f5bf"
  name = "github.com/golang/protobuf"
  packages = [
    "proto",
    "ptypes",
    "ptypes/any",
    "ptypes/duration",
    "ptypes/timestamp",
  ]
  pruneopts = ""
  revision = "6c65a5562fc06764971b7c5d05c76c75e84bdbf7"
  version = "v1.3.2"

[[projects]]
  digest = "1:6a6322a15aa8e99bd156fbba0aae4e5d67b4bb05251d860b348a45dfdcba9cce"
  name = "github.com/golang/snappy"
  packages = ["."]
  pruneopts = ""
  revision = "2a8bb927dd31d8daada140a5d09578521ce5c36a"
  version = "v0.0.1"

[[projects]]
  branch = "master"
  digest = "1:d0899ec7c2f61fd5e4ccba7dbefe72e366a3ecce23ecdb982c768fa1d38812fb"
  name = "github.com/google/shlex"
  packages = ["."]
  pruneopts = ""
  revision = "c34317bd91bf98fab745d77b03933cf8769299fe"

[[projects]]
  digest = "1:09aa5dd1332b93c96bde671bafb053249dc813febf7d5ca84e8f382ba255d67d"
  name = "github.com/gorilla/websocket"
  packages = ["."]
  pruneopts = ""
  revision = "66b9c49e59c6c48f0ffce28c2d8b8a5678502c6d"
  version = "v1.4.0"

[[projects]]
  digest = "1:5e0d0684b8af229ac6206e73b9a959b3a67d82c7b88a0d9dfb743b12136d9e42"
  name = "github.com/honeycombio/libhoney-go"
  packages = [
    ".",
    "transmission",
  ]
  pruneopts = ""
  revision = "c2a79e5f0845aa6bd553c68112c9988cb020fee7"
  version = "v1.11.1"

[[projects]]
  digest = "1:02292e838f9eec0acc417def88c01e7d9dfa752dc7ba1a69dda0190fba31b248"
  name = "github.com/jawher/mow.cli"
  packages = [
    ".",
    "internal/container",
    "internal/flow",
    "internal/fsm",
    "internal/lexer",
    "internal/matcher",
    "internal/parser",
    "internal/values",
  ]
  pruneopts = ""
  revision = "9b8ce431ec028691b79d71211c3848f1ad4078d7"
  version = "v1.1.0"

[[projects]]
  digest = "1:13fe471d0ed891e8544eddfeeb0471fd3c9f2015609a1c000aefdedf52a19d40"
  name = "github.com/jmespath/go-jmespath"
  packages = ["."]
  pruneopts = ""
  revision = "c2b33e84"

[[projects]]
  digest = "1:67259578b10db5c8357e9c1084ab9272f1fa4a1d7563c4a02600f6b5f319ea50"
  name = "github.com/jmhodges/levigo"
  packages = ["."]
  pruneopts = ""
  revision = "853d788c5c416eaaee5b044570784a96c7a26975"
  version = "v1.0.0"

[[projects]]
  digest = "1:ef0f9731bc6c3c59396adc50f36da36ca98c704812c449794f9326f7bc64b5f1"
  name = "github.com/jpillora/backoff"
  packages = ["."]
  pruneopts = ""
  revision = "8eab2debe79d12b7bd3d10653910df25fa9552ba"
  version = "1.0.0"

[[projects]]
  digest = "1:deeb6536ebbcb66ab11213ecfaac9daadfcd004dd057446a4980ffd6c15c36e2"
  name = "github.com/julienschmidt/httprouter"
  packages = ["."]
  pruneopts = ""
  revision = "348b672cd90d8190f8240323e372ecd1e66b59dc"
  version = "v1.2.0"

[[projects]]
  branch = "master"
  digest = "1:1d1ca41e5107be69a4d89b3dc3e95dbf50c20d852156b06c84786cdffcbf5cf6"
  name = "github.com/kch42/buzhash"
  packages = ["."]
  pruneopts = ""
  revision = "9bdec3dec7c611fa97beadc374d75bdf02cd880e"

[[projects]]
  digest = "1:e9d28d49770650ad08afb7641f27dba3b05725388d5ee3587017a0576e9c995f"
  name = "github.com/kentquirk/boneful"
  packages = ["."]
  pruneopts = ""
  revision = "bdc648b32da75d04b55ef84a8ab9398d8172a8a1"
  version = "v1.1.1"

[[projects]]
  digest = "1:89bb3651cecc05faab8a7117b5064eff16deeb0b4b5d5f8647c972efba31408d"
  name = "github.com/kentquirk/rewriter"
  packages = ["pkg/rewriter"]
  pruneopts = ""
  revision = "a1f459861b485db14c02d428baed2ebc101dfa09"
  version = "v0.9.0"

[[projects]]
  digest = "1:0f51cee70b0d254dbc93c22666ea2abf211af81c1701a96d04e2284b408621db"
  name = "github.com/konsorten/go-windows-terminal-sequences"
  packages = ["."]
  pruneopts = ""
  revision = "f55edac94c9bbba5d6182a4be46d86a2c9b5b50e"
  version = "v1.0.2"

[[projects]]
  branch = "master"
  digest = "1:1ed9eeebdf24aadfbca57eb50e6455bd1d2474525e0f0d4454de8c8e9bc7ee9a"
  name = "github.com/kr/logfmt"
  packages = ["."]
  pruneopts = ""
  revision = "b84e30acd515aadc4b783ad4ff83aff3299bdfe0"

[[projects]]
  digest = "1:e2beacef2053964dea3a7b8ccb105a46d101274cbce02698b1f0db630bb39046"
  name = "github.com/libp2p/go-buffer-pool"
  packages = ["."]
  pruneopts = ""
  revision = "c4a5988a1e475884367015e1a2d0bd5fa4c491f4"
  version = "v0.0.2"

[[projects]]
  digest = "1:63722a4b1e1717be7b98fc686e0b30d5e7f734b9e93d7dee86293b6deab7ea28"
  name = "github.com/matttproud/golang_protobuf_extensions"
  packages = ["pbutil"]
  pruneopts = ""
  revision = "c12348ce28de40eed0136aa2b644d0ee0650e56c"
  version = "v1.0.1"

[[projects]]
  digest = "1:6dbb0eb72090871f2e58d1e37973fe3cb8c0f45f49459398d3fc740cb30e13bd"
  name = "github.com/mitchellh/go-homedir"
  packages = ["."]
  pruneopts = ""
  revision = "af06845cf3004701891bf4fdb884bfe4920b3727"
  version = "v1.1.0"

[[projects]]
  digest = "1:e4d7290b8c477f7d9913862258da453de6fcaab1561d5eb01f381fdf9416b659"
  name = "github.com/ndau/chaincode"
  packages = [
    "pkg/chain",
    "pkg/vm",
  ]
  pruneopts = ""
  revision = "b37c25be5a7036f98b3a00ecbd8c8d6f4e5eb345"
  version = "v1.2.9"

[[projects]]
  digest = "1:846fe5fe970ce725cb2f0ce0ecec0107e774edbd691254b90d06b57c82232249"
  name = "github.com/ndau/genesis"
  packages = [
    "pkg/cli.util",
    "pkg/config",
    "pkg/etl",
    "pkg/genesis",
  ]
  pruneopts = ""
  revision = "896db513553cd7abfd9c4c57d55cb2fd690c7879"
  version = "v1.2.1"

[[projects]]
  digest = "1:e4aee07ddb14ba7174cd496686922ab909c1e7dfe89c5a48eddff55a5df5bf82"
  name = "github.com/ndau/json2msgp"
  packages = ["."]
  pruneopts = ""
  revision = "713ffefb11eea2ab56f7961333fdb19a798d8e40"
  version = "v1.1.1"

[[projects]]
  digest = "1:f69582c3a2f4027eed23f9f2fc4bb2e9042e03cce56eae977bd0a56817311d39"
  name = "github.com/ndau/metanode"
  packages = [
    "pkg/meta/app",
    "pkg/meta/app/code",
    "pkg/meta/search",
    "pkg/meta/state",
    "pkg/meta/transaction",
  ]
  pruneopts = ""
  revision = "0df6647b98602d3fa151a4eee46566bb24de7b54"
  version = "v1.9.3"

[[projects]]
  digest = "1:cf6bdc91a5eaa82ff626dbc20243658a66b68dfc52a1b5ae54335e1efd0f7de1"
  name = "github.com/ndau/msgp-well-known-types"
  packages = ["wkt"]
  pruneopts = ""
  revision = "20dbc66cfaa097bf8cdf60b740e0ac37251d07c3"
  version = "v0.1.2"

[[projects]]
  digest = "1:180c8c5d5fd737d5c723ff6443f0bec4d34427f93088606aac2da53b95e83ca7"
  name = "github.com/ndau/mt19937_64"
  packages = ["."]
  pruneopts = ""
  revision = "ef56a9b3b865d92bbf5c2b9ed91f7c3f8da71614"
  version = "v1.1"

[[projects]]
  digest = "1:2b1e9fdb0ef45c80f795ddc4cd3242125ce479737d5a0b4b6e93686112198bdd"
  name = "github.com/ndau/ndau"
  packages = [
    "pkg/api_sdk",
    "pkg/ndau",
    "pkg/ndau/backing",
    "pkg/ndau/config",
    "pkg/ndau/search",
    "pkg/ndauapi/cfg",
    "pkg/ndauapi/reqres",
    "pkg/ndauapi/routes",
    "pkg/ndauapi/svc",
    "pkg/ndauapi/ws",
    "pkg/query",
    "pkg/tool",
    "pkg/tool.config",
    "pkg/version",
  ]
  pruneopts = ""
  revision = "6b4bb1a074f97c633813df0cc948039eb78c102e"
  version = "v1.26.11"

[[projects]]
  digest = "1:ad5e2ad93fd61f93702fb0c666730c2026777ecf79b8118d47f12abe9ec3d4fa"
  name = "github.com/ndau/ndaumath"
  packages = [
    "pkg/address",
    "pkg/b32",
    "pkg/bip32",
    "pkg/bitset256",
    "pkg/constants",
    "pkg/eai",
    "pkg/key",
    "pkg/ndauerr",
    "pkg/pricecurve",
    "pkg/signature",
    "pkg/signature/algorithms/ed25519",
    "pkg/signature/algorithms/null",
    "pkg/signature/algorithms/secp256k1",
    "pkg/signed",
    "pkg/types",
    "pkg/unsigned",
    "pkg/words",
  ]
  pruneopts = ""
  revision = "ac60e54551a2fd5c2b736cf31664367f0f480bd2"
  version = "v1.3.8"

[[projects]]
  branch = "master"
  digest = "1:a10ccbf1d733d997f960c613f2d377e4b0d0202594a15b2c705cba471e27edf2"
  name = "github.com/ndau/noms-util"
  packages = ["."]
  pruneopts = ""
  revision = "89919acd3baede72bbd08895e2ee37e583e059c9"

[[projects]]
  digest = "1:40fec27dfa4139a3a2676bde457e23822a4f9d407285e888d49c605c95eb821f"
  name = "github.com/ndau/o11y"
  packages = ["pkg/honeycomb"]
  pruneopts = ""
  revision = "895b1a3403de2057b802b286287b0cf405b11c1a"
  version = "v1.3.5"

[[projects]]
  digest = "1:8d3b87cbe6b431c94acca3f7c488a8af223a23145068d518b14fadb675719ab2"
  name = "github.com/ndau/rest"
  packages = ["."]
  pruneopts = ""
  revision = "d297d0d48376f43c0718d0fe54bcf696e9480fee"
  version = "v0.1.1"

[[projects]]
  digest = "1:e0f764256dc6bae9da31e4452dc39947e9964486d71e4e50d1c5aed6b5f57fc5"
  name = "github.com/ndau/system_vars"
  packages = [
    "pkg/genesis.generator",
    "pkg/genesisfile",
    "pkg/system_vars",
  ]
  pruneopts = ""
  revision = "fc264fca5ff10a1c1ddbc7c1e2dd564e2d432fd8"
  version = "v1.5.4"

[[projects]]
  digest = "1:1c1df12edde28f99663efc3a3b06bb985a58752915f4281a7b327b24a1385684"
  name = "github.com/ndau/writers"
  packages = [
    "pkg/bufio",
    "pkg/filter",
    "pkg/linewriter",
    "pkg/ringbuffer",
    "pkg/testwriter",
  ]
  pruneopts = ""
  revision = "d261e7205fab73aef4037a64176081367f8172b8"
  version = "v1.1.1"

[[projects]]
  digest = "1:210286d0cb60ffe28f1ca00b664029e8943009f95d06d8f8c336301b28e1aee5"
  name = "github.com/philhofer/fwd"
  packages = ["."]
  pruneopts = ""
  revision = "bb6d471dc95d4fe11e432687f8b70ff496cf3136"
  version = "v1.0.0"

[[projects]]
  digest = "1:1d7e1867c49a6dd9856598ef7c3123604ea3daabf5b83f303ff457bcbc410b1d"
  name = "github.com/pkg/errors"
  packages = ["."]
  pruneopts = ""
  revision = "ba968bfe8b2f7e042a574c888954fccecfa385b4"
  version = "v0.8.1"

[[projects]]
  digest = "1:256484dbbcd271f9ecebc6795b2df8cad4c458dd0f5fd82a8c2fa0c29f233411"
  name = "github.com/pmezard/go-difflib"
  packages = ["difflib"]
  pruneopts = ""
  revision = "792786c7400a136282c1664665ae0a8db921c6c2"
  version = "v1.0.0"

[[projects]]
  digest = "1:c826496cad27bd9a7644a01230a79d472b4093dd33587236e8f8369bb1d8534e"
  name = "github.com/prometheus/client_golang"
  packages = [
    "prometheus",
    "prometheus/internal",
    "prometheus/promhttp",
  ]
  pruneopts = ""
  revision = "2641b987480bca71fb39738eb8c8b0d577cb1d76"
  version = "v0.9.4"

[[projects]]
  branch = "master"
  digest = "1:cd67319ee7536399990c4b00fae07c3413035a53193c644549a676091507cadc"
  name = "github.com/prometheus/client_model"
  packages = ["go"]
  pruneopts = ""
  revision = "fd36f4220a901265f90734c3183c5f0c91daa0b8"

[[projects]]
  digest = "1:0f2cee44695a3208fe5d6926076641499c72304e6f015348c9ab2df90a202cdf"
  name = "github.com/prometheus/common"
  packages = [
    "expfmt",
    "internal/bitbucket.org/ww/goautoneg",
    "model",
  ]
  pruneopts = ""
  revision = "31bed53e4047fd6c510e43a941f90cb31be0972a"
  version = "v0.6.0"

[[projects]]
  digest = "1:9b33e539d6bf6e4453668a847392d1e9e6345225ea1426f9341212c652bcbee4"
  name = "github.com/prometheus/procfs"
  packages = [
    ".",
    "internal/fs",
  ]
  pruneopts = ""
  revision = "3f98efb27840a48a7a2898ec80be07674d19f9c8"
  version = "v0.0.3"

[[projects]]
  branch = "master"
  digest = "1:958bea286349ebdb3ec9f9e7c8ab6e283bc4c4ef9b9aea7ed2f1e10b0875b328"
  name = "github.com/rcrowley/go-metrics"
  packages = ["."]
  pruneopts = ""
  revision = "9beb055b7962d16947a14e1cd718098a2431e20e"

[[projects]]
  digest = "1:5f47c69f85311c4dc292be6cc995a0a3fe8337a6ce38ef4f71e5b7efd5ad42e0"
  name = "github.com/rs/cors"
  packages = ["."]
  pruneopts = ""
  revision = "9a47f48565a795472d43519dd49aac781f3034fb"
  version = "v1.6.0"

[[projects]]
  branch = "master"
  digest = "1:23b2f09199abd84ffef1081b3fd1ff7e7efafcf4440a57a8418e7bca87cb53cf"
  name = "github.com/savaki/jq"
  packages = [
    ".",
    "scanner",
  ]
  pruneopts = ""
  revision = "0e6baecebbf8a24a6590d3fc8232165008d6e5d8"

[[projects]]
  branch = "master"
  digest = "1:e8ba1ad18941b86ab63c33ad0e1def6ff47f6d9b55e59b5c88978c6d22667fc0"
  name = "github.com/sigurn/crc16"
  packages = ["."]
  pruneopts = ""
  revision = "da416fad5162ac0f3338ba24dccdb26e4da22485"

[[projects]]
  branch = "master"
  digest = "1:52ed74cbf4d1bb1975642c817ec91b221c8963fa599885319407bf468431851d"
  name = "github.com/sigurn/utils"
  packages = ["."]
  pruneopts = ""
  revision = "f19e41f79f8f006116f682c1af454591bc278ad4"

[[projects]]
  digest = "1:1a405cddcf3368445051fb70ab465ae99da56ad7be8d8ca7fc52159d1c2d873c"
  name = "github.com/sirupsen/logrus"
  packages = ["."]
  pruneopts = ""
  revision = "839c75faf7f98a33d445d181f3018b5c3409a45e"
  version = "v1.4.2"

[[projects]]
  digest = "1:f7b541897bcde05a04a044c342ddc7425aab7e331f37b47fbb486cd16324b48e"
  name = "github.com/stretchr/testify"
  packages = [
    "assert",
    "require",
  ]
  pruneopts = ""
  revision = "221dbe5ed46703ee255b1da0dec05086f5035f62"
  version = "v1.4.0"

[[projects]]
  digest = "1:0a9834d471916f392c608d4f13225444d47b6b7a0378dce1aef683d83711179f"
  name = "github.com/syndtr/goleveldb"
  packages = [
    "leveldb",
    "leveldb/cache",
    "leveldb/comparer",
    "leveldb/errors",
    "leveldb/filter",
    "leveldb/iterator",
    "leveldb/journal",
    "leveldb/memdb",
    "leveldb/opt",
    "leveldb/storage",
    "leveldb/table",
    "leveldb/util",
  ]
  pruneopts = ""
  revision = "9d007e481048296f09f59bd19bb7ae584563cd95"
  version = "v1.0.0"

[[projects]]
  digest = "1:41d24b8f6f442ff86b37be473e45b2bfc9a219eee1bdfabf9e680b9dd51b32a3"
  name = "github.com/tealeg/xlsx"
  packages = ["."]
  pruneopts = ""
  revision = "8be35264fa75a1bbe954ce51eba04f273e2c59e5"
  version = "v1.0.3"

[[projects]]
  digest = "1:ae41c0d9bd222a15ed08e854dbcf7c1ef8a511b937b7fb661762b3e91ff86b49"
  name = "github.com/tendermint/go-amino"
  packages = ["."]
  pruneopts = ""
  revision = "dc14acf9ef15f85828bfbc561ed9dd9d2a284885"
  version = "v0.14.1"

[[projects]]
  digest = "1:895f52f5e01627c8db1bc6da10233d8c6b4ac3dc056accbbb3774ef705ad5bf2"
  name = "github.com/tendermint/tendermint"
  packages = [
    "abci/client",
    "abci/example/code",
    "abci/example/counter",
    "abci/example/kvstore",
    "abci/server",
    "abci/types",
    "behaviour",
    "blockchain/v0",
    "blockchain/v1",
    "config",
    "consensus",
    "consensus/types",
    "crypto",
    "crypto/ed25519",
    "crypto/encoding/amino",
    "crypto/merkle",
    "crypto/multisig",
    "crypto/multisig/bitarray",
    "crypto/secp256k1",
    "crypto/secp256k1/internal/secp256k1",
    "crypto/tmhash",
    "evidence",
    "libs/autofile",
    "libs/clist",
    "libs/common",
    "libs/events",
    "libs/fail",
    "libs/flowrate",
    "libs/log",
    "libs/pubsub",
    "libs/pubsub/query",
    "mempool",
    "mock",
    "node",
    "p2p",
    "p2p/conn",
    "p2p/pex",
    "privval",
    "proxy",
    "rpc/client",
    "rpc/core",
    "rpc/core/types",
    "rpc/grpc",
    "rpc/lib/client",
    "rpc/lib/server",
    "rpc/lib/types",
    "state",
    "state/txindex",
    "state/txindex/kv",
    "state/txindex/null",
    "store",
    "types",
    "types/time",
    "version",
  ]
  pruneopts = ""
  revision = "0ad70fb69aa39b20f35d127c25573c4e169f6f90"
  version = "v0.32.3"

[[projects]]
  digest = "1:655a572c927b924550f8699c4045c6befb78c363f3010805f5f777e06e90caac"
  name = "github.com/tendermint/tm-db"
  packages = ["."]
  pruneopts = ""
  revision = "94017c88bf1d54efad5e99736182b97f32f73916"
  version = "v0.1.1"

[[projects]]
  digest = "1:23ed2a28cfc147d46f7fbf4d85f83f6d659e15eac4ad1c16c4d32b19da5bd2fa"
  name = "github.com/tinylib/msgp"
  packages = ["msgp"]
  pruneopts = ""
  revision = "af6442a0fcf6e2a1b824f70dd0c734f01e817751"
  version = "v1.1.0"

[[projects]]
  digest = "1:6049acb1e036adada1e94025e7fde0564cf3d4e181b4c4366349b7f7993f9714"
  name = "github.com/vmihailenco/msgpack"
  packages = [
    ".",
    "codes",
  ]
  pruneopts = ""
  revision = "c2fc210f30a2aca9db880cc017a92c169c999253"
  version = "v4.0.4"

[[projects]]
  branch = "master"
  digest = "1:086760278d762dbb0e9a26e09b57f04c89178c86467d8d94fae47d64c222f328"
  name = "golang.org/x/crypto"
  packages = [
    "chacha20poly1305",
    "curve25519",
    "ed25519",
    "ed25519/internal/edwards25519",
    "hkdf",
    "internal/chacha20",
    "internal/subtle",
    "nacl/box",
    "nacl/secretbox",
    "poly1305",
    "ripemd160",
    "salsa20/salsa",
  ]
  pruneopts = ""
  revision = "4def268fd1a49955bfb3dda92fe3db4f924f2285"

[[projects]]
  branch = "master"
  digest = "1:31cd6e3c114e17c5f0c9e8b0bcaa3025ab3c221ce36323c7ce1acaa753d0d0aa"
  name = "golang.org/x/net"
  packages = [
    "context",
    "http/httpguts",
    "http2",
    "http2/hpack",
    "idna",
    "internal/timeseries",
    "netutil",
    "trace",
  ]
  pruneopts = ""
  revision = "da137c7871d730100384dbcf36e6f8fa493aef5b"

[[projects]]
  branch = "master"
  digest = "1:8d8dab33e614e3839a47bbb340189458c28c58e60655023d20eeb92b7300768a"
  name = "golang.org/x/sys"
  packages = [
    "cpu",
    "unix",
  ]
  pruneopts = ""
  revision = "fae7ac547cb717d141c433a2a173315e216b64c4"

[[projects]]
  digest = "1:740b51a55815493a8d0f2b1e0d0ae48fe48953bf7eaf3fcc4198823bf67768c0"
  name = "golang.org/x/text"
  packages = [
    "collate",
    "collate/build",
    "internal/colltab",
    "internal/gen",
    "internal/language",
    "internal/language/compact",
    "internal/tag",
    "internal/triegen",
    "internal/ucd",
    "language",
    "secure/bidirule",
    "transform",
    "unicode/bidi",
    "unicode/cldr",
    "unicode/norm",
    "unicode/rangetable",
  ]
  pruneopts = ""
  revision = "342b2e1fbaa52c93f31447ad2c6abc048c63e475"
  version = "v0.3.2"

[[projects]]
  digest = "1:47f391ee443f578f01168347818cb234ed819521e49e4d2c8dd2fb80d48ee41a"
  name = "google.golang.org/appengine"
  packages = [
    ".",
    "datastore",
    "datastore/internal/cloudkey",
    "datastore/internal/cloudpb",
    "internal",
    "internal/app_identity",
    "internal/base",
    "internal/datastore",
    "internal/log",
    "internal/modules",
    "internal/remote_api",
  ]
  pruneopts = ""
  revision = "b2f4a3cf3c67576a2ee09e1fe62656a5086ce880"
  version = "v1.6.1"

[[projects]]
  branch = "master"
  digest = "1:53a69ca05e2f34d0d6e5cc02d2d3b0c0f815628965757fb5aaf04aa83ca5cc07"
  name = "google.golang.org/genproto"
  packages = ["googleapis/rpc/status"]
  pruneopts = ""
  revision = "c506a9f9061087022822e8da603a52fc387115a8"

[[projects]]
  digest = "1:3608095d1dc06a2ff2e6f0476c9cc9584dd8e4b64151fed41a3663b9033a8b63"
  name = "google.golang.org/grpc"
  packages = [
    ".",
    "balancer",
    "balancer/base",
    "balancer/roundrobin",
    "binarylog/grpc_binarylog_v1",
    "codes",
    "connectivity",
    "credentials",
    "credentials/internal",
    "encoding",
    "encoding/proto",
    "grpclog",
    "internal",
    "internal/backoff",
    "internal/balancerload",
    "internal/binarylog",
    "internal/channelz",
    "internal/envconfig",
    "internal/grpcrand",
    "internal/grpcsync",
    "internal/syscall",
    "internal/transport",
    "keepalive",
    "metadata",
    "naming",
    "peer",
    "resolver",
    "resolver/dns",
    "resolver/passthrough",
    "serviceconfig",
    "stats",
    "status",
    "tap",
  ]
  pruneopts = ""
  revision = "1d89a3c832915b2314551c1d2a506874d62e53f7"
  version = "v1.22.0"

[[projects]]
  digest = "1:73ebcbf8b130be886f04e5b928308604a36620e53343b833926a3aa4f2582abd"
  name = "gopkg.in/alexcesaro/statsd.v2"
  packages = ["."]
  pruneopts = ""
  revision = "7fea3f0d2fab1ad973e641e51dba45443a311a90"
  version = "v2.0.0"

[[projects]]
  digest = "1:ab9547706f32a7535bb4f25d6b58ad00436630593cd3e3ed4602f1613ed84783"
  name = "gopkg.in/yaml.v2"
  packages = ["."]
  pruneopts = ""
  revision = "f221b8435cfb71e54062f6c6e99e9ade30b124d5"
  version = "v2.2.4"

[solve-meta]
  analyzer-name = "dep"
  analyzer-version = 1
  input-imports = [
    "github.com/BurntSushi/toml",
    "github.com/akrylysov/algnhsa",
    "github.com/alexflint/go-arg",
    "github.com/attic-labs/noms/go/d",
    "github.com/attic-labs/noms/go/datas",
    "github.com/attic-labs/noms/go/hash",
    "github.com/attic-labs/noms/go/spec",
    "github.com/attic-labs/noms/go/types",
    "github.com/aws/aws-sdk-go/aws",
    "github.com/aws/aws-sdk-go/aws/session",
    "github.com/aws/aws-sdk-go/service/dynamodb",
    "github.com/aws/aws-sdk-go/service/dynamodb/dynamodbattribute",
    "github.com/aws/aws-sdk-go/service/kms",
    "github.com/aws/aws-sdk-go/service/s3",
    "github.com/go-redis/redis",
    "github.com/google/shlex",
    "github.com/jawher/mow.cli",
    "github.com/kentquirk/boneful",
    "github.com/kentquirk/rewriter/pkg/rewriter",
    "github.com/mitchellh/go-homedir",
    "github.com/ndau/chaincode/pkg/chain",
    "github.com/ndau/chaincode/pkg/vm",
    "github.com/ndau/genesis/pkg/cli.util",
    "github.com/ndau/genesis/pkg/config",
    "github.com/ndau/genesis/pkg/etl",
    "github.com/ndau/genesis/pkg/genesis",
    "github.com/ndau/json2msgp",
    "github.com/ndau/metanode/pkg/meta/app/code",
    "github.com/ndau/metanode/pkg/meta/state",
    "github.com/ndau/metanode/pkg/meta/transaction",
    "github.com/ndau/msgp-well-known-types/wkt",
    "github.com/ndau/ndau/pkg/api_sdk",
    "github.com/ndau/ndau/pkg/ndau",
    "github.com/ndau/ndau/pkg/ndau/backing",
    "github.com/ndau/ndau/pkg/ndau/config",
    "github.com/ndau/ndau/pkg/ndauapi/cfg",
    "github.com/ndau/ndau/pkg/ndauapi/reqres",
    "github.com/ndau/ndau/pkg/ndauapi/routes",
    "github.com/ndau/ndau/pkg/ndauapi/svc",
    "github.com/ndau/ndau/pkg/query",
    "github.com/ndau/ndau/pkg/tool",
    "github.com/ndau/ndau/pkg/tool.config",
    "github.com/ndau/ndau/pkg/version",
    "github.com/ndau/ndaumath/pkg/address",
    "github.com/ndau/ndaumath/pkg/constants",
    "github.com/ndau/ndaumath/pkg/key",
    "github.com/ndau/ndaumath/pkg/pricecurve",
    "github.com/ndau/ndaumath/pkg/signature",
    "github.com/ndau/ndaumath/pkg/types",
    "github.com/ndau/ndaumath/pkg/words",
    "github.com/ndau/noms-util",
    "github.com/ndau/o11y/pkg/honeycomb",
    "github.com/ndau/rest",
    "github.com/ndau/system_vars/pkg/genesis.generator",
    "github.com/ndau/system_vars/pkg/genesisfile",
    "github.com/ndau/system_vars/pkg/system_vars",
    "github.com/ndau/writers/pkg/bufio",
    "github.com/ndau/writers/pkg/filter",
    "github.com/pkg/errors",
    "github.com/rs/cors",
    "github.com/savaki/jq",
    "github.com/sirupsen/logrus",
    "github.com/stretchr/testify/assert",
    "github.com/stretchr/testify/require",
    "github.com/tendermint/tendermint/abci/server",
    "github.com/tendermint/tendermint/libs/log",
    "github.com/tendermint/tendermint/rpc/client",
    "github.com/tendermint/tendermint/rpc/core/types",
    "github.com/tinylib/msgp/msgp",
  ]
  solver-name = "gps-cdcl"
  solver-version = 1
